// !$*UTF8*$!
{
	archiveVersion = 1;
	classes = {
	};
	objectVersion = 54;
	objects = {

/* Begin PBXBuildFile section */
		00E356F31AD99517003FC87E /* TanriseResidenceTests.m in Sources */ = {isa = PBXBuildFile; fileRef = 00E356F21AD99517003FC87E /* TanriseResidenceTests.m */; };
		13B07FBC1A68108700A75B9A /* AppDelegate.mm in Sources */ = {isa = PBXBuildFile; fileRef = 13B07FB01A68108700A75B9A /* AppDelegate.mm */; };
		13B07FBF1A68108700A75B9A /* Images.xcassets in Resources */ = {isa = PBXBuildFile; fileRef = 13B07FB51A68108700A75B9A /* Images.xcassets */; };
		13B07FC11A68108700A75B9A /* main.m in Sources */ = {isa = PBXBuildFile; fileRef = 13B07FB71A68108700A75B9A /* main.m */; };
		1964A5809B69736E21D00366 /* Pods_TanriseResidence.framework in Frameworks */ = {isa = PBXBuildFile; fileRef = 5F03B1DD02B46836928474BD /* Pods_TanriseResidence.framework */; };
		81AB9BB82411601600AC10FF /* LaunchScreen.storyboard in Resources */ = {isa = PBXBuildFile; fileRef = 81AB9BB72411601600AC10FF /* LaunchScreen.storyboard */; };
		8643E2642C5C9C3F00763A43 /* GoogleService-Info.plist in Resources */ = {isa = PBXBuildFile; fileRef = 8643540A2C105D3300C69F68 /* GoogleService-Info.plist */; };
		86708B5E2D27EE4800F9DB6C /* test.cpp in Sources */ = {isa = PBXBuildFile; fileRef = 86708B5C2D27EE4800F9DB6C /* test.cpp */; };
		867AA72E2C5C769D0002425D /* fonts in Resources */ = {isa = PBXBuildFile; fileRef = 867AA72D2C5C769D0002425D /* fonts */; };
		86A697DA2CCF34BF00E1AF29 /* Raleway-BlackItalic.ttf in Resources */ = {isa = PBXBuildFile; fileRef = 86A697982CCF348B00E1AF29 /* Raleway-BlackItalic.ttf */; };
		86A697DB2CCF34BF00E1AF29 /* Entypo.ttf in Resources */ = {isa = PBXBuildFile; fileRef = 86A697992CCF348C00E1AF29 /* Entypo.ttf */; };
		86A697DC2CCF34BF00E1AF29 /* Merriweather-Regular.ttf in Resources */ = {isa = PBXBuildFile; fileRef = 86A6979A2CCF348D00E1AF29 /* Merriweather-Regular.ttf */; };
		86A697DD2CCF34BF00E1AF29 /* Foundation.ttf in Resources */ = {isa = PBXBuildFile; fileRef = 86A6979B2CCF348E00E1AF29 /* Foundation.ttf */; };
		86A697DE2CCF34BF00E1AF29 /* Roboto-MediumItalic.ttf in Resources */ = {isa = PBXBuildFile; fileRef = 86A6979C2CCF348F00E1AF29 /* Roboto-MediumItalic.ttf */; };
		86A697DF2CCF34BF00E1AF29 /* Raleway-BoldItalic.ttf in Resources */ = {isa = PBXBuildFile; fileRef = 86A6979D2CCF349000E1AF29 /* Raleway-BoldItalic.ttf */; };
		86A697E02CCF34BF00E1AF29 /* Octicons.ttf in Resources */ = {isa = PBXBuildFile; fileRef = 86A6979E2CCF349000E1AF29 /* Octicons.ttf */; };
		86A697E12CCF34BF00E1AF29 /* Roboto-Thin.ttf in Resources */ = {isa = PBXBuildFile; fileRef = 86A6979F2CCF349100E1AF29 /* Roboto-Thin.ttf */; };
		86A697E22CCF34BF00E1AF29 /* Raleway-Bold.ttf in Resources */ = {isa = PBXBuildFile; fileRef = 86A697A02CCF349200E1AF29 /* Raleway-Bold.ttf */; };
		86A697E32CCF34BF00E1AF29 /* Raleway-MediumItalic.ttf in Resources */ = {isa = PBXBuildFile; fileRef = 86A697A12CCF349200E1AF29 /* Raleway-MediumItalic.ttf */; };
		86A697E42CCF34BF00E1AF29 /* SimpleLineIcons.ttf in Resources */ = {isa = PBXBuildFile; fileRef = 86A697A22CCF349300E1AF29 /* SimpleLineIcons.ttf */; };
		86A697E52CCF34BF00E1AF29 /* ProximaNovaT-Thin.otf in Resources */ = {isa = PBXBuildFile; fileRef = 86A697A32CCF349300E1AF29 /* ProximaNovaT-Thin.otf */; };
		86A697E62CCF34BF00E1AF29 /* Raleway-ExtraBold.ttf in Resources */ = {isa = PBXBuildFile; fileRef = 86A697A42CCF349400E1AF29 /* Raleway-ExtraBold.ttf */; };
		86A697E72CCF34BF00E1AF29 /* Raleway-ExtraLight.ttf in Resources */ = {isa = PBXBuildFile; fileRef = 86A697A52CCF349500E1AF29 /* Raleway-ExtraLight.ttf */; };
		86A697E82CCF34BF00E1AF29 /* Raleway-Thin.ttf in Resources */ = {isa = PBXBuildFile; fileRef = 86A697A62CCF349500E1AF29 /* Raleway-Thin.ttf */; };
		86A697E92CCF34BF00E1AF29 /* Zocial.ttf in Resources */ = {isa = PBXBuildFile; fileRef = 86A697A72CCF349600E1AF29 /* Zocial.ttf */; };
		86A697EA2CCF34BF00E1AF29 /* Roboto-BlackItalic.ttf in Resources */ = {isa = PBXBuildFile; fileRef = 86A697A82CCF349700E1AF29 /* Roboto-BlackItalic.ttf */; };
		86A697EB2CCF34BF00E1AF29 /* Raleway-ExtraLightItalic.ttf in Resources */ = {isa = PBXBuildFile; fileRef = 86A697A92CCF349800E1AF29 /* Raleway-ExtraLightItalic.ttf */; };
		86A697EC2CCF34BF00E1AF29 /* MaterialCommunityIcons.ttf in Resources */ = {isa = PBXBuildFile; fileRef = 86A697AA2CCF349800E1AF29 /* MaterialCommunityIcons.ttf */; };
		86A697ED2CCF34BF00E1AF29 /* Raleway-ThinItalic.ttf in Resources */ = {isa = PBXBuildFile; fileRef = 86A697AB2CCF349900E1AF29 /* Raleway-ThinItalic.ttf */; };
		86A697EE2CCF34BF00E1AF29 /* Proxima-NovaReg.ttf in Resources */ = {isa = PBXBuildFile; fileRef = 86A697AC2CCF349A00E1AF29 /* Proxima-NovaReg.ttf */; };
		86A697EF2CCF34BF00E1AF29 /* ProximaNova-Black.otf in Resources */ = {isa = PBXBuildFile; fileRef = 86A697AD2CCF349B00E1AF29 /* ProximaNova-Black.otf */; };
		86A697F02CCF34BF00E1AF29 /* Proxima-NovaLight.ttf in Resources */ = {isa = PBXBuildFile; fileRef = 86A697AE2CCF349C00E1AF29 /* Proxima-NovaLight.ttf */; };
		86A697F12CCF34BF00E1AF29 /* Roboto-LightItalic.ttf in Resources */ = {isa = PBXBuildFile; fileRef = 86A697AF2CCF349C00E1AF29 /* Roboto-LightItalic.ttf */; };
		86A697F22CCF34BF00E1AF29 /* Roboto-Italic.ttf in Resources */ = {isa = PBXBuildFile; fileRef = 86A697B02CCF349C00E1AF29 /* Roboto-Italic.ttf */; };
		86A697F32CCF34BF00E1AF29 /* FontAwesome5_Regular.ttf in Resources */ = {isa = PBXBuildFile; fileRef = 86A697B12CCF349D00E1AF29 /* FontAwesome5_Regular.ttf */; };
		86A697F42CCF34BF00E1AF29 /* AntDesign.ttf in Resources */ = {isa = PBXBuildFile; fileRef = 86A697B22CCF349D00E1AF29 /* AntDesign.ttf */; };
		86A697F52CCF34BF00E1AF29 /* Merriweather-Bold.ttf in Resources */ = {isa = PBXBuildFile; fileRef = 86A697B32CCF349E00E1AF29 /* Merriweather-Bold.ttf */; };
		86A697F62CCF34BF00E1AF29 /* Raleway-Light.ttf in Resources */ = {isa = PBXBuildFile; fileRef = 86A697B42CCF349E00E1AF29 /* Raleway-Light.ttf */; };
		86A697F72CCF34BF00E1AF29 /* Roboto-Regular.ttf in Resources */ = {isa = PBXBuildFile; fileRef = 86A697B52CCF349F00E1AF29 /* Roboto-Regular.ttf */; };
		86A697F82CCF34BF00E1AF29 /* FontAwesome.ttf in Resources */ = {isa = PBXBuildFile; fileRef = 86A697B62CCF34A000E1AF29 /* FontAwesome.ttf */; };
		86A697F92CCF34BF00E1AF29 /* Feather.ttf in Resources */ = {isa = PBXBuildFile; fileRef = 86A697B72CCF34A100E1AF29 /* Feather.ttf */; };
		86A697FA2CCF34BF00E1AF29 /* ProximaNova-Bold.otf in Resources */ = {isa = PBXBuildFile; fileRef = 86A697B82CCF34A200E1AF29 /* ProximaNova-Bold.otf */; };
		86A697FB2CCF34BF00E1AF29 /* Roboto-Bold.ttf in Resources */ = {isa = PBXBuildFile; fileRef = 86A697B92CCF34A500E1AF29 /* Roboto-Bold.ttf */; };
		86A697FC2CCF34BF00E1AF29 /* Raleway-Italic.ttf in Resources */ = {isa = PBXBuildFile; fileRef = 86A697BA2CCF34A600E1AF29 /* Raleway-Italic.ttf */; };
		86A697FD2CCF34C000E1AF29 /* KaiseiHarunoUmi-Medium.ttf in Resources */ = {isa = PBXBuildFile; fileRef = 86A697BB2CCF34A700E1AF29 /* KaiseiHarunoUmi-Medium.ttf */; };
		86A697FE2CCF34C000E1AF29 /* Merriweather-BoldItalic.ttf in Resources */ = {isa = PBXBuildFile; fileRef = 86A697BC2CCF34A900E1AF29 /* Merriweather-BoldItalic.ttf */; };
		86A697FF2CCF34C000E1AF29 /* Fontisto.ttf in Resources */ = {isa = PBXBuildFile; fileRef = 86A697BD2CCF34AB00E1AF29 /* Fontisto.ttf */; };
		86A698002CCF34C000E1AF29 /* Roboto-BoldItalic.ttf in Resources */ = {isa = PBXBuildFile; fileRef = 86A697BE2CCF34AC00E1AF29 /* Roboto-BoldItalic.ttf */; };
		86A698012CCF34C000E1AF29 /* ProximaNova-Regular.otf in Resources */ = {isa = PBXBuildFile; fileRef = 86A697BF2CCF34AD00E1AF29 /* ProximaNova-Regular.otf */; };
		86A698022CCF34C000E1AF29 /* KaiseiHarunoUmi-Regular.ttf in Resources */ = {isa = PBXBuildFile; fileRef = 86A697C02CCF34AD00E1AF29 /* KaiseiHarunoUmi-Regular.ttf */; };
		86A698032CCF34C000E1AF29 /* Merriweather-BlackItalic.ttf in Resources */ = {isa = PBXBuildFile; fileRef = 86A697C12CCF34AE00E1AF29 /* Merriweather-BlackItalic.ttf */; };
		86A698042CCF34C000E1AF29 /* EvilIcons.ttf in Resources */ = {isa = PBXBuildFile; fileRef = 86A697C22CCF34AF00E1AF29 /* EvilIcons.ttf */; };
		86A698052CCF34C000E1AF29 /* Merriweather-LightItalic.ttf in Resources */ = {isa = PBXBuildFile; fileRef = 86A697C32CCF34AF00E1AF29 /* Merriweather-LightItalic.ttf */; };
		86A698062CCF34C000E1AF29 /* Raleway-Medium.ttf in Resources */ = {isa = PBXBuildFile; fileRef = 86A697C42CCF34B000E1AF29 /* Raleway-Medium.ttf */; };
		86A698072CCF34C000E1AF29 /* Raleway-LightItalic.ttf in Resources */ = {isa = PBXBuildFile; fileRef = 86A697C52CCF34B000E1AF29 /* Raleway-LightItalic.ttf */; };
		86A698082CCF34C000E1AF29 /* Raleway-SemiBold.ttf in Resources */ = {isa = PBXBuildFile; fileRef = 86A697C62CCF34B100E1AF29 /* Raleway-SemiBold.ttf */; };
		86A698092CCF34C000E1AF29 /* Merriweather-Black.ttf in Resources */ = {isa = PBXBuildFile; fileRef = 86A697C72CCF34B100E1AF29 /* Merriweather-Black.ttf */; };
		86A6980A2CCF34C000E1AF29 /* Raleway-Regular.ttf in Resources */ = {isa = PBXBuildFile; fileRef = 86A697C82CCF34B100E1AF29 /* Raleway-Regular.ttf */; };
		86A6980B2CCF34C000E1AF29 /* FontAwesome5_Solid.ttf in Resources */ = {isa = PBXBuildFile; fileRef = 86A697C92CCF34B200E1AF29 /* FontAwesome5_Solid.ttf */; };
		86A6980C2CCF34C000E1AF29 /* Proxima-NovaBold.ttf in Resources */ = {isa = PBXBuildFile; fileRef = 86A697CA2CCF34B300E1AF29 /* Proxima-NovaBold.ttf */; };
		86A6980D2CCF34C000E1AF29 /* ProximaNova-Extrabld.otf in Resources */ = {isa = PBXBuildFile; fileRef = 86A697CB2CCF34B300E1AF29 /* ProximaNova-Extrabld.otf */; };
		86A6980E2CCF34C000E1AF29 /* Roboto-Medium.ttf in Resources */ = {isa = PBXBuildFile; fileRef = 86A697CC2CCF34B400E1AF29 /* Roboto-Medium.ttf */; };
		86A6980F2CCF34C000E1AF29 /* MaterialIcons.ttf in Resources */ = {isa = PBXBuildFile; fileRef = 86A697CD2CCF34B500E1AF29 /* MaterialIcons.ttf */; };
		86A698102CCF34C000E1AF29 /* Roboto-Black.ttf in Resources */ = {isa = PBXBuildFile; fileRef = 86A697CE2CCF34B500E1AF29 /* Roboto-Black.ttf */; };
		86A698112CCF34C000E1AF29 /* DMSerifDisplay.ttf in Resources */ = {isa = PBXBuildFile; fileRef = 86A697CF2CCF34B600E1AF29 /* DMSerifDisplay.ttf */; };
		86A698122CCF34C000E1AF29 /* Roboto-Light.ttf in Resources */ = {isa = PBXBuildFile; fileRef = 86A697D02CCF34B700E1AF29 /* Roboto-Light.ttf */; };
		86A698132CCF34C000E1AF29 /* Roboto-ThinItalic.ttf in Resources */ = {isa = PBXBuildFile; fileRef = 86A697D12CCF34B800E1AF29 /* Roboto-ThinItalic.ttf */; };
		86A698142CCF34C000E1AF29 /* FontAwesome5_Brands.ttf in Resources */ = {isa = PBXBuildFile; fileRef = 86A697D22CCF34BA00E1AF29 /* FontAwesome5_Brands.ttf */; };
		86A698152CCF34C000E1AF29 /* Raleway-Black.ttf in Resources */ = {isa = PBXBuildFile; fileRef = 86A697D32CCF34BA00E1AF29 /* Raleway-Black.ttf */; };
		86A698162CCF34C000E1AF29 /* Merriweather-Light.ttf in Resources */ = {isa = PBXBuildFile; fileRef = 86A697D42CCF34BB00E1AF29 /* Merriweather-Light.ttf */; };
		86A698172CCF34C000E1AF29 /* Raleway-ExtraBoldItalic.ttf in Resources */ = {isa = PBXBuildFile; fileRef = 86A697D52CCF34BB00E1AF29 /* Raleway-ExtraBoldItalic.ttf */; };
		86A698182CCF34C000E1AF29 /* Merriweather-Italic.ttf in Resources */ = {isa = PBXBuildFile; fileRef = 86A697D62CCF34BC00E1AF29 /* Merriweather-Italic.ttf */; };
		86A698192CCF34C000E1AF29 /* KaiseiHarunoUmi-Bold.ttf in Resources */ = {isa = PBXBuildFile; fileRef = 86A697D72CCF34BD00E1AF29 /* KaiseiHarunoUmi-Bold.ttf */; };
		86A6981A2CCF34C000E1AF29 /* Raleway-SemiBoldItalic.ttf in Resources */ = {isa = PBXBuildFile; fileRef = 86A697D82CCF34BD00E1AF29 /* Raleway-SemiBoldItalic.ttf */; };
		86A6981B2CCF34C000E1AF29 /* Ionicons.ttf in Resources */ = {isa = PBXBuildFile; fileRef = 86A697D92CCF34BE00E1AF29 /* Ionicons.ttf */; };
		86D6E7342B0E11360031C35D /* Assets.xcassets in Resources */ = {isa = PBXBuildFile; fileRef = 86D6E7332B0E11360031C35D /* Assets.xcassets */; };
		C919492CD4CE3E15B61AA1CE /* Pods_TanriseResidence_TanriseResidenceTests.framework in Frameworks */ = {isa = PBXBuildFile; fileRef = F496769A92B683C6F0914CE4 /* Pods_TanriseResidence_TanriseResidenceTests.framework */; };
/* End PBXBuildFile section */

/* Begin PBXContainerItemProxy section */
		00E356F41AD99517003FC87E /* PBXContainerItemProxy */ = {
			isa = PBXContainerItemProxy;
			containerPortal = 83CBB9F71A601CBA00E9B192 /* Project object */;
			proxyType = 1;
			remoteGlobalIDString = 13B07F861A680F5B00A75B9A;
			remoteInfo = TanriseResidence;
		};
/* End PBXContainerItemProxy section */

/* Begin PBXFileReference section */
		00E356EE1AD99517003FC87E /* TanriseResidenceTests.xctest */ = {isa = PBXFileReference; explicitFileType = wrapper.cfbundle; includeInIndex = 0; path = TanriseResidenceTests.xctest; sourceTree = BUILT_PRODUCTS_DIR; };
		00E356F11AD99517003FC87E /* Info.plist */ = {isa = PBXFileReference; lastKnownFileType = text.plist.xml; path = Info.plist; sourceTree = "<group>"; };
		00E356F21AD99517003FC87E /* TanriseResidenceTests.m */ = {isa = PBXFileReference; lastKnownFileType = sourcecode.c.objc; path = TanriseResidenceTests.m; sourceTree = "<group>"; };
		07F62FC3AFF811B7FBD1E02D /* Pods-TanriseResidence.release.xcconfig */ = {isa = PBXFileReference; includeInIndex = 1; lastKnownFileType = text.xcconfig; name = "Pods-TanriseResidence.release.xcconfig"; path = "Target Support Files/Pods-TanriseResidence/Pods-TanriseResidence.release.xcconfig"; sourceTree = "<group>"; };
		0DC07C3DB57A95748366C329 /* Pods-TanriseResidence.debug.xcconfig */ = {isa = PBXFileReference; includeInIndex = 1; lastKnownFileType = text.xcconfig; name = "Pods-TanriseResidence.debug.xcconfig"; path = "Target Support Files/Pods-TanriseResidence/Pods-TanriseResidence.debug.xcconfig"; sourceTree = "<group>"; };
		13B07F961A680F5B00A75B9A /* TanriseResidence.app */ = {isa = PBXFileReference; explicitFileType = wrapper.application; includeInIndex = 0; path = TanriseResidence.app; sourceTree = BUILT_PRODUCTS_DIR; };
		13B07FAF1A68108700A75B9A /* AppDelegate.h */ = {isa = PBXFileReference; fileEncoding = 4; lastKnownFileType = sourcecode.c.h; name = AppDelegate.h; path = TanriseResidence/AppDelegate.h; sourceTree = "<group>"; };
		13B07FB01A68108700A75B9A /* AppDelegate.mm */ = {isa = PBXFileReference; fileEncoding = 4; lastKnownFileType = sourcecode.cpp.objcpp; name = AppDelegate.mm; path = TanriseResidence/AppDelegate.mm; sourceTree = "<group>"; };
		13B07FB51A68108700A75B9A /* Images.xcassets */ = {isa = PBXFileReference; lastKnownFileType = folder.assetcatalog; name = Images.xcassets; path = TanriseResidence/Images.xcassets; sourceTree = "<group>"; };
		13B07FB61A68108700A75B9A /* Info.plist */ = {isa = PBXFileReference; fileEncoding = 4; lastKnownFileType = text.plist.xml; name = Info.plist; path = TanriseResidence/Info.plist; sourceTree = "<group>"; };
		13B07FB71A68108700A75B9A /* main.m */ = {isa = PBXFileReference; fileEncoding = 4; lastKnownFileType = sourcecode.c.objc; name = main.m; path = TanriseResidence/main.m; sourceTree = "<group>"; };
		4D8F23DA3C50257840F482A6 /* Pods-TanriseResidence-TanriseResidenceTests.release.xcconfig */ = {isa = PBXFileReference; includeInIndex = 1; lastKnownFileType = text.xcconfig; name = "Pods-TanriseResidence-TanriseResidenceTests.release.xcconfig"; path = "Target Support Files/Pods-TanriseResidence-TanriseResidenceTests/Pods-TanriseResidence-TanriseResidenceTests.release.xcconfig"; sourceTree = "<group>"; };
		5F03B1DD02B46836928474BD /* Pods_TanriseResidence.framework */ = {isa = PBXFileReference; explicitFileType = wrapper.framework; includeInIndex = 0; path = Pods_TanriseResidence.framework; sourceTree = BUILT_PRODUCTS_DIR; };
		81AB9BB72411601600AC10FF /* LaunchScreen.storyboard */ = {isa = PBXFileReference; fileEncoding = 4; lastKnownFileType = file.storyboard; name = LaunchScreen.storyboard; path = TanriseResidence/LaunchScreen.storyboard; sourceTree = "<group>"; };
		8643540A2C105D3300C69F68 /* GoogleService-Info.plist */ = {isa = PBXFileReference; fileEncoding = 4; lastKnownFileType = text.plist.xml; path = "GoogleService-Info.plist"; sourceTree = "<group>"; };
		8660DDD92C17E77600D24D4A /* FontAwesome5_Brands.ttf */ = {isa = PBXFileReference; lastKnownFileType = file; path = FontAwesome5_Brands.ttf; sourceTree = "<group>"; };
		8660DDDD2C17E7AA00D24D4A /* FontAwesome6_Brands.ttf */ = {isa = PBXFileReference; lastKnownFileType = file; path = FontAwesome6_Brands.ttf; sourceTree = "<group>"; };
		8660DDDE2C17E7AA00D24D4A /* FontAwesome6_Regular.ttf */ = {isa = PBXFileReference; lastKnownFileType = file; path = FontAwesome6_Regular.ttf; sourceTree = "<group>"; };
		86708B5C2D27EE4800F9DB6C /* test.cpp */ = {isa = PBXFileReference; lastKnownFileType = sourcecode.cpp.cpp; path = test.cpp; sourceTree = "<group>"; };
		86708B5D2D27EE4800F9DB6C /* test.hpp */ = {isa = PBXFileReference; lastKnownFileType = sourcecode.cpp.h; path = test.hpp; sourceTree = "<group>"; };
		867AA72D2C5C769D0002425D /* fonts */ = {isa = PBXFileReference; lastKnownFileType = folder; name = fonts; path = ../app/assets/fonts; sourceTree = "<group>"; };
		86A697982CCF348B00E1AF29 /* Raleway-BlackItalic.ttf */ = {isa = PBXFileReference; lastKnownFileType = file; name = "Raleway-BlackItalic.ttf"; path = "../app/assets/fonts/Raleway-BlackItalic.ttf"; sourceTree = "<group>"; };
		86A697992CCF348C00E1AF29 /* Entypo.ttf */ = {isa = PBXFileReference; lastKnownFileType = file; name = Entypo.ttf; path = ../app/assets/fonts/Entypo.ttf; sourceTree = "<group>"; };
		86A6979A2CCF348D00E1AF29 /* Merriweather-Regular.ttf */ = {isa = PBXFileReference; lastKnownFileType = file; name = "Merriweather-Regular.ttf"; path = "../app/assets/fonts/Merriweather-Regular.ttf"; sourceTree = "<group>"; };
		86A6979B2CCF348E00E1AF29 /* Foundation.ttf */ = {isa = PBXFileReference; lastKnownFileType = file; name = Foundation.ttf; path = ../app/assets/fonts/Foundation.ttf; sourceTree = "<group>"; };
		86A6979C2CCF348F00E1AF29 /* Roboto-MediumItalic.ttf */ = {isa = PBXFileReference; lastKnownFileType = file; name = "Roboto-MediumItalic.ttf"; path = "../app/assets/fonts/Roboto-MediumItalic.ttf"; sourceTree = "<group>"; };
		86A6979D2CCF349000E1AF29 /* Raleway-BoldItalic.ttf */ = {isa = PBXFileReference; lastKnownFileType = file; name = "Raleway-BoldItalic.ttf"; path = "../app/assets/fonts/Raleway-BoldItalic.ttf"; sourceTree = "<group>"; };
		86A6979E2CCF349000E1AF29 /* Octicons.ttf */ = {isa = PBXFileReference; lastKnownFileType = file; name = Octicons.ttf; path = ../app/assets/fonts/Octicons.ttf; sourceTree = "<group>"; };
		86A6979F2CCF349100E1AF29 /* Roboto-Thin.ttf */ = {isa = PBXFileReference; lastKnownFileType = file; name = "Roboto-Thin.ttf"; path = "../app/assets/fonts/Roboto-Thin.ttf"; sourceTree = "<group>"; };
		86A697A02CCF349200E1AF29 /* Raleway-Bold.ttf */ = {isa = PBXFileReference; lastKnownFileType = file; name = "Raleway-Bold.ttf"; path = "../app/assets/fonts/Raleway-Bold.ttf"; sourceTree = "<group>"; };
		86A697A12CCF349200E1AF29 /* Raleway-MediumItalic.ttf */ = {isa = PBXFileReference; lastKnownFileType = file; name = "Raleway-MediumItalic.ttf"; path = "../app/assets/fonts/Raleway-MediumItalic.ttf"; sourceTree = "<group>"; };
		86A697A22CCF349300E1AF29 /* SimpleLineIcons.ttf */ = {isa = PBXFileReference; lastKnownFileType = file; name = SimpleLineIcons.ttf; path = ../app/assets/fonts/SimpleLineIcons.ttf; sourceTree = "<group>"; };
		86A697A32CCF349300E1AF29 /* ProximaNovaT-Thin.otf */ = {isa = PBXFileReference; lastKnownFileType = file; name = "ProximaNovaT-Thin.otf"; path = "../app/assets/fonts/ProximaNovaT-Thin.otf"; sourceTree = "<group>"; };
		86A697A42CCF349400E1AF29 /* Raleway-ExtraBold.ttf */ = {isa = PBXFileReference; lastKnownFileType = file; name = "Raleway-ExtraBold.ttf"; path = "../app/assets/fonts/Raleway-ExtraBold.ttf"; sourceTree = "<group>"; };
		86A697A52CCF349500E1AF29 /* Raleway-ExtraLight.ttf */ = {isa = PBXFileReference; lastKnownFileType = file; name = "Raleway-ExtraLight.ttf"; path = "../app/assets/fonts/Raleway-ExtraLight.ttf"; sourceTree = "<group>"; };
		86A697A62CCF349500E1AF29 /* Raleway-Thin.ttf */ = {isa = PBXFileReference; lastKnownFileType = file; name = "Raleway-Thin.ttf"; path = "../app/assets/fonts/Raleway-Thin.ttf"; sourceTree = "<group>"; };
		86A697A72CCF349600E1AF29 /* Zocial.ttf */ = {isa = PBXFileReference; lastKnownFileType = file; name = Zocial.ttf; path = ../app/assets/fonts/Zocial.ttf; sourceTree = "<group>"; };
		86A697A82CCF349700E1AF29 /* Roboto-BlackItalic.ttf */ = {isa = PBXFileReference; lastKnownFileType = file; name = "Roboto-BlackItalic.ttf"; path = "../app/assets/fonts/Roboto-BlackItalic.ttf"; sourceTree = "<group>"; };
		86A697A92CCF349800E1AF29 /* Raleway-ExtraLightItalic.ttf */ = {isa = PBXFileReference; lastKnownFileType = file; name = "Raleway-ExtraLightItalic.ttf"; path = "../app/assets/fonts/Raleway-ExtraLightItalic.ttf"; sourceTree = "<group>"; };
		86A697AA2CCF349800E1AF29 /* MaterialCommunityIcons.ttf */ = {isa = PBXFileReference; lastKnownFileType = file; name = MaterialCommunityIcons.ttf; path = ../app/assets/fonts/MaterialCommunityIcons.ttf; sourceTree = "<group>"; };
		86A697AB2CCF349900E1AF29 /* Raleway-ThinItalic.ttf */ = {isa = PBXFileReference; lastKnownFileType = file; name = "Raleway-ThinItalic.ttf"; path = "../app/assets/fonts/Raleway-ThinItalic.ttf"; sourceTree = "<group>"; };
		86A697AC2CCF349A00E1AF29 /* Proxima-NovaReg.ttf */ = {isa = PBXFileReference; lastKnownFileType = file; name = "Proxima-NovaReg.ttf"; path = "../app/assets/fonts/Proxima-NovaReg.ttf"; sourceTree = "<group>"; };
		86A697AD2CCF349B00E1AF29 /* ProximaNova-Black.otf */ = {isa = PBXFileReference; lastKnownFileType = file; name = "ProximaNova-Black.otf"; path = "../app/assets/fonts/ProximaNova-Black.otf"; sourceTree = "<group>"; };
		86A697AE2CCF349C00E1AF29 /* Proxima-NovaLight.ttf */ = {isa = PBXFileReference; lastKnownFileType = file; name = "Proxima-NovaLight.ttf"; path = "../app/assets/fonts/Proxima-NovaLight.ttf"; sourceTree = "<group>"; };
		86A697AF2CCF349C00E1AF29 /* Roboto-LightItalic.ttf */ = {isa = PBXFileReference; lastKnownFileType = file; name = "Roboto-LightItalic.ttf"; path = "../app/assets/fonts/Roboto-LightItalic.ttf"; sourceTree = "<group>"; };
		86A697B02CCF349C00E1AF29 /* Roboto-Italic.ttf */ = {isa = PBXFileReference; lastKnownFileType = file; name = "Roboto-Italic.ttf"; path = "../app/assets/fonts/Roboto-Italic.ttf"; sourceTree = "<group>"; };
		86A697B12CCF349D00E1AF29 /* FontAwesome5_Regular.ttf */ = {isa = PBXFileReference; lastKnownFileType = file; name = FontAwesome5_Regular.ttf; path = ../app/assets/fonts/FontAwesome5_Regular.ttf; sourceTree = "<group>"; };
		86A697B22CCF349D00E1AF29 /* AntDesign.ttf */ = {isa = PBXFileReference; lastKnownFileType = file; name = AntDesign.ttf; path = ../app/assets/fonts/AntDesign.ttf; sourceTree = "<group>"; };
		86A697B32CCF349E00E1AF29 /* Merriweather-Bold.ttf */ = {isa = PBXFileReference; lastKnownFileType = file; name = "Merriweather-Bold.ttf"; path = "../app/assets/fonts/Merriweather-Bold.ttf"; sourceTree = "<group>"; };
		86A697B42CCF349E00E1AF29 /* Raleway-Light.ttf */ = {isa = PBXFileReference; lastKnownFileType = file; name = "Raleway-Light.ttf"; path = "../app/assets/fonts/Raleway-Light.ttf"; sourceTree = "<group>"; };
		86A697B52CCF349F00E1AF29 /* Roboto-Regular.ttf */ = {isa = PBXFileReference; lastKnownFileType = file; name = "Roboto-Regular.ttf"; path = "../app/assets/fonts/Roboto-Regular.ttf"; sourceTree = "<group>"; };
		86A697B62CCF34A000E1AF29 /* FontAwesome.ttf */ = {isa = PBXFileReference; lastKnownFileType = file; name = FontAwesome.ttf; path = ../app/assets/fonts/FontAwesome.ttf; sourceTree = "<group>"; };
		86A697B72CCF34A100E1AF29 /* Feather.ttf */ = {isa = PBXFileReference; lastKnownFileType = file; name = Feather.ttf; path = ../app/assets/fonts/Feather.ttf; sourceTree = "<group>"; };
		86A697B82CCF34A200E1AF29 /* ProximaNova-Bold.otf */ = {isa = PBXFileReference; lastKnownFileType = file; name = "ProximaNova-Bold.otf"; path = "../app/assets/fonts/ProximaNova-Bold.otf"; sourceTree = "<group>"; };
		86A697B92CCF34A500E1AF29 /* Roboto-Bold.ttf */ = {isa = PBXFileReference; lastKnownFileType = file; name = "Roboto-Bold.ttf"; path = "../app/assets/fonts/Roboto-Bold.ttf"; sourceTree = "<group>"; };
		86A697BA2CCF34A600E1AF29 /* Raleway-Italic.ttf */ = {isa = PBXFileReference; lastKnownFileType = file; name = "Raleway-Italic.ttf"; path = "../app/assets/fonts/Raleway-Italic.ttf"; sourceTree = "<group>"; };
		86A697BB2CCF34A700E1AF29 /* KaiseiHarunoUmi-Medium.ttf */ = {isa = PBXFileReference; lastKnownFileType = file; name = "KaiseiHarunoUmi-Medium.ttf"; path = "../app/assets/fonts/KaiseiHarunoUmi-Medium.ttf"; sourceTree = "<group>"; };
		86A697BC2CCF34A900E1AF29 /* Merriweather-BoldItalic.ttf */ = {isa = PBXFileReference; lastKnownFileType = file; name = "Merriweather-BoldItalic.ttf"; path = "../app/assets/fonts/Merriweather-BoldItalic.ttf"; sourceTree = "<group>"; };
		86A697BD2CCF34AB00E1AF29 /* Fontisto.ttf */ = {isa = PBXFileReference; lastKnownFileType = file; name = Fontisto.ttf; path = ../app/assets/fonts/Fontisto.ttf; sourceTree = "<group>"; };
		86A697BE2CCF34AC00E1AF29 /* Roboto-BoldItalic.ttf */ = {isa = PBXFileReference; lastKnownFileType = file; name = "Roboto-BoldItalic.ttf"; path = "../app/assets/fonts/Roboto-BoldItalic.ttf"; sourceTree = "<group>"; };
		86A697BF2CCF34AD00E1AF29 /* ProximaNova-Regular.otf */ = {isa = PBXFileReference; lastKnownFileType = file; name = "ProximaNova-Regular.otf"; path = "../app/assets/fonts/ProximaNova-Regular.otf"; sourceTree = "<group>"; };
		86A697C02CCF34AD00E1AF29 /* KaiseiHarunoUmi-Regular.ttf */ = {isa = PBXFileReference; lastKnownFileType = file; name = "KaiseiHarunoUmi-Regular.ttf"; path = "../app/assets/fonts/KaiseiHarunoUmi-Regular.ttf"; sourceTree = "<group>"; };
		86A697C12CCF34AE00E1AF29 /* Merriweather-BlackItalic.ttf */ = {isa = PBXFileReference; lastKnownFileType = file; name = "Merriweather-BlackItalic.ttf"; path = "../app/assets/fonts/Merriweather-BlackItalic.ttf"; sourceTree = "<group>"; };
		86A697C22CCF34AF00E1AF29 /* EvilIcons.ttf */ = {isa = PBXFileReference; lastKnownFileType = file; name = EvilIcons.ttf; path = ../app/assets/fonts/EvilIcons.ttf; sourceTree = "<group>"; };
		86A697C32CCF34AF00E1AF29 /* Merriweather-LightItalic.ttf */ = {isa = PBXFileReference; lastKnownFileType = file; name = "Merriweather-LightItalic.ttf"; path = "../app/assets/fonts/Merriweather-LightItalic.ttf"; sourceTree = "<group>"; };
		86A697C42CCF34B000E1AF29 /* Raleway-Medium.ttf */ = {isa = PBXFileReference; lastKnownFileType = file; name = "Raleway-Medium.ttf"; path = "../app/assets/fonts/Raleway-Medium.ttf"; sourceTree = "<group>"; };
		86A697C52CCF34B000E1AF29 /* Raleway-LightItalic.ttf */ = {isa = PBXFileReference; lastKnownFileType = file; name = "Raleway-LightItalic.ttf"; path = "../app/assets/fonts/Raleway-LightItalic.ttf"; sourceTree = "<group>"; };
		86A697C62CCF34B100E1AF29 /* Raleway-SemiBold.ttf */ = {isa = PBXFileReference; lastKnownFileType = file; name = "Raleway-SemiBold.ttf"; path = "../app/assets/fonts/Raleway-SemiBold.ttf"; sourceTree = "<group>"; };
		86A697C72CCF34B100E1AF29 /* Merriweather-Black.ttf */ = {isa = PBXFileReference; lastKnownFileType = file; name = "Merriweather-Black.ttf"; path = "../app/assets/fonts/Merriweather-Black.ttf"; sourceTree = "<group>"; };
		86A697C82CCF34B100E1AF29 /* Raleway-Regular.ttf */ = {isa = PBXFileReference; lastKnownFileType = file; name = "Raleway-Regular.ttf"; path = "../app/assets/fonts/Raleway-Regular.ttf"; sourceTree = "<group>"; };
		86A697C92CCF34B200E1AF29 /* FontAwesome5_Solid.ttf */ = {isa = PBXFileReference; lastKnownFileType = file; name = FontAwesome5_Solid.ttf; path = ../app/assets/fonts/FontAwesome5_Solid.ttf; sourceTree = "<group>"; };
		86A697CA2CCF34B300E1AF29 /* Proxima-NovaBold.ttf */ = {isa = PBXFileReference; lastKnownFileType = file; name = "Proxima-NovaBold.ttf"; path = "../app/assets/fonts/Proxima-NovaBold.ttf"; sourceTree = "<group>"; };
		86A697CB2CCF34B300E1AF29 /* ProximaNova-Extrabld.otf */ = {isa = PBXFileReference; lastKnownFileType = file; name = "ProximaNova-Extrabld.otf"; path = "../app/assets/fonts/ProximaNova-Extrabld.otf"; sourceTree = "<group>"; };
		86A697CC2CCF34B400E1AF29 /* Roboto-Medium.ttf */ = {isa = PBXFileReference; lastKnownFileType = file; name = "Roboto-Medium.ttf"; path = "../app/assets/fonts/Roboto-Medium.ttf"; sourceTree = "<group>"; };
		86A697CD2CCF34B500E1AF29 /* MaterialIcons.ttf */ = {isa = PBXFileReference; lastKnownFileType = file; name = MaterialIcons.ttf; path = ../app/assets/fonts/MaterialIcons.ttf; sourceTree = "<group>"; };
		86A697CE2CCF34B500E1AF29 /* Roboto-Black.ttf */ = {isa = PBXFileReference; lastKnownFileType = file; name = "Roboto-Black.ttf"; path = "../app/assets/fonts/Roboto-Black.ttf"; sourceTree = "<group>"; };
		86A697CF2CCF34B600E1AF29 /* DMSerifDisplay.ttf */ = {isa = PBXFileReference; lastKnownFileType = file; name = DMSerifDisplay.ttf; path = ../app/assets/fonts/DMSerifDisplay.ttf; sourceTree = "<group>"; };
		86A697D02CCF34B700E1AF29 /* Roboto-Light.ttf */ = {isa = PBXFileReference; lastKnownFileType = file; name = "Roboto-Light.ttf"; path = "../app/assets/fonts/Roboto-Light.ttf"; sourceTree = "<group>"; };
		86A697D12CCF34B800E1AF29 /* Roboto-ThinItalic.ttf */ = {isa = PBXFileReference; lastKnownFileType = file; name = "Roboto-ThinItalic.ttf"; path = "../app/assets/fonts/Roboto-ThinItalic.ttf"; sourceTree = "<group>"; };
		86A697D22CCF34BA00E1AF29 /* FontAwesome5_Brands.ttf */ = {isa = PBXFileReference; lastKnownFileType = file; name = FontAwesome5_Brands.ttf; path = ../app/assets/fonts/FontAwesome5_Brands.ttf; sourceTree = "<group>"; };
		86A697D32CCF34BA00E1AF29 /* Raleway-Black.ttf */ = {isa = PBXFileReference; lastKnownFileType = file; name = "Raleway-Black.ttf"; path = "../app/assets/fonts/Raleway-Black.ttf"; sourceTree = "<group>"; };
		86A697D42CCF34BB00E1AF29 /* Merriweather-Light.ttf */ = {isa = PBXFileReference; lastKnownFileType = file; name = "Merriweather-Light.ttf"; path = "../app/assets/fonts/Merriweather-Light.ttf"; sourceTree = "<group>"; };
		86A697D52CCF34BB00E1AF29 /* Raleway-ExtraBoldItalic.ttf */ = {isa = PBXFileReference; lastKnownFileType = file; name = "Raleway-ExtraBoldItalic.ttf"; path = "../app/assets/fonts/Raleway-ExtraBoldItalic.ttf"; sourceTree = "<group>"; };
		86A697D62CCF34BC00E1AF29 /* Merriweather-Italic.ttf */ = {isa = PBXFileReference; lastKnownFileType = file; name = "Merriweather-Italic.ttf"; path = "../app/assets/fonts/Merriweather-Italic.ttf"; sourceTree = "<group>"; };
		86A697D72CCF34BD00E1AF29 /* KaiseiHarunoUmi-Bold.ttf */ = {isa = PBXFileReference; lastKnownFileType = file; name = "KaiseiHarunoUmi-Bold.ttf"; path = "../app/assets/fonts/KaiseiHarunoUmi-Bold.ttf"; sourceTree = "<group>"; };
		86A697D82CCF34BD00E1AF29 /* Raleway-SemiBoldItalic.ttf */ = {isa = PBXFileReference; lastKnownFileType = file; name = "Raleway-SemiBoldItalic.ttf"; path = "../app/assets/fonts/Raleway-SemiBoldItalic.ttf"; sourceTree = "<group>"; };
		86A697D92CCF34BE00E1AF29 /* Ionicons.ttf */ = {isa = PBXFileReference; lastKnownFileType = file; name = Ionicons.ttf; path = ../app/assets/fonts/Ionicons.ttf; sourceTree = "<group>"; };
		86B0B7B42CC8EAA30081ADAB /* TanriseResidence.entitlements */ = {isa = PBXFileReference; lastKnownFileType = text.plist.entitlements; name = TanriseResidence.entitlements; path = TanriseResidence/TanriseResidence.entitlements; sourceTree = "<group>"; };
		86D6E7332B0E11360031C35D /* Assets.xcassets */ = {isa = PBXFileReference; lastKnownFileType = folder.assetcatalog; name = Assets.xcassets; path = TanriseResidence/Assets.xcassets; sourceTree = "<group>"; };
		B6F8A9F2526C4B34F4887FDA /* Pods-TanriseResidence-TanriseResidenceTests.debug.xcconfig */ = {isa = PBXFileReference; includeInIndex = 1; lastKnownFileType = text.xcconfig; name = "Pods-TanriseResidence-TanriseResidenceTests.debug.xcconfig"; path = "Target Support Files/Pods-TanriseResidence-TanriseResidenceTests/Pods-TanriseResidence-TanriseResidenceTests.debug.xcconfig"; sourceTree = "<group>"; };
		ED297162215061F000B7C4FE /* JavaScriptCore.framework */ = {isa = PBXFileReference; lastKnownFileType = wrapper.framework; name = JavaScriptCore.framework; path = System/Library/Frameworks/JavaScriptCore.framework; sourceTree = SDKROOT; };
		F496769A92B683C6F0914CE4 /* Pods_TanriseResidence_TanriseResidenceTests.framework */ = {isa = PBXFileReference; explicitFileType = wrapper.framework; includeInIndex = 0; path = Pods_TanriseResidence_TanriseResidenceTests.framework; sourceTree = BUILT_PRODUCTS_DIR; };
/* End PBXFileReference section */

/* Begin PBXFrameworksBuildPhase section */
		00E356EB1AD99517003FC87E /* Frameworks */ = {
			isa = PBXFrameworksBuildPhase;
			buildActionMask = 2147483647;
			files = (
				C919492CD4CE3E15B61AA1CE /* Pods_TanriseResidence_TanriseResidenceTests.framework in Frameworks */,
			);
			runOnlyForDeploymentPostprocessing = 0;
		};
		13B07F8C1A680F5B00A75B9A /* Frameworks */ = {
			isa = PBXFrameworksBuildPhase;
			buildActionMask = 2147483647;
			files = (
				1964A5809B69736E21D00366 /* Pods_TanriseResidence.framework in Frameworks */,
			);
			runOnlyForDeploymentPostprocessing = 0;
		};
/* End PBXFrameworksBuildPhase section */

/* Begin PBXGroup section */
		00E356EF1AD99517003FC87E /* TanriseResidenceTests */ = {
			isa = PBXGroup;
			children = (
				00E356F21AD99517003FC87E /* TanriseResidenceTests.m */,
				00E356F01AD99517003FC87E /* Supporting Files */,
			);
			path = TanriseResidenceTests;
			sourceTree = "<group>";
		};
		00E356F01AD99517003FC87E /* Supporting Files */ = {
			isa = PBXGroup;
			children = (
				00E356F11AD99517003FC87E /* Info.plist */,
			);
			name = "Supporting Files";
			sourceTree = "<group>";
		};
		13B07FAE1A68108700A75B9A /* TanriseResidence */ = {
			isa = PBXGroup;
			children = (
				86B0B7B42CC8EAA30081ADAB /* TanriseResidence.entitlements */,
				8643540A2C105D3300C69F68 /* GoogleService-Info.plist */,
				13B07FAF1A68108700A75B9A /* AppDelegate.h */,
				13B07FB01A68108700A75B9A /* AppDelegate.mm */,
				13B07FB51A68108700A75B9A /* Images.xcassets */,
				13B07FB61A68108700A75B9A /* Info.plist */,
				81AB9BB72411601600AC10FF /* LaunchScreen.storyboard */,
				13B07FB71A68108700A75B9A /* main.m */,
				86D6E7332B0E11360031C35D /* Assets.xcassets */,
				86708B5C2D27EE4800F9DB6C /* test.cpp */,
				86708B5D2D27EE4800F9DB6C /* test.hpp */,
			);
			name = TanriseResidence;
			sourceTree = "<group>";
		};
		2CF6B4BAA0BD490699FB8C97 /* Resources */ = {
			isa = PBXGroup;
			children = (
			);
			name = Resources;
			sourceTree = "<group>";
		};
		2D16E6871FA4F8E400B85C8A /* Frameworks */ = {
			isa = PBXGroup;
			children = (
				ED297162215061F000B7C4FE /* JavaScriptCore.framework */,
				5F03B1DD02B46836928474BD /* Pods_TanriseResidence.framework */,
				F496769A92B683C6F0914CE4 /* Pods_TanriseResidence_TanriseResidenceTests.framework */,
			);
			name = Frameworks;
			sourceTree = "<group>";
		};
		832341AE1AAA6A7D00B99B32 /* Libraries */ = {
			isa = PBXGroup;
			children = (
			);
			name = Libraries;
			sourceTree = "<group>";
		};
		83CBB9F61A601CBA00E9B192 = {
			isa = PBXGroup;
			children = (
				86A697B22CCF349D00E1AF29 /* AntDesign.ttf */,
				86A697CF2CCF34B600E1AF29 /* DMSerifDisplay.ttf */,
				86A697992CCF348C00E1AF29 /* Entypo.ttf */,
				86A697C22CCF34AF00E1AF29 /* EvilIcons.ttf */,
				86A697B72CCF34A100E1AF29 /* Feather.ttf */,
				86A697B62CCF34A000E1AF29 /* FontAwesome.ttf */,
				86A697D22CCF34BA00E1AF29 /* FontAwesome5_Brands.ttf */,
				86A697B12CCF349D00E1AF29 /* FontAwesome5_Regular.ttf */,
				86A697C92CCF34B200E1AF29 /* FontAwesome5_Solid.ttf */,
				86A697BD2CCF34AB00E1AF29 /* Fontisto.ttf */,
				86A6979B2CCF348E00E1AF29 /* Foundation.ttf */,
				86A697D92CCF34BE00E1AF29 /* Ionicons.ttf */,
				86A697D72CCF34BD00E1AF29 /* KaiseiHarunoUmi-Bold.ttf */,
				86A697BB2CCF34A700E1AF29 /* KaiseiHarunoUmi-Medium.ttf */,
				86A697C02CCF34AD00E1AF29 /* KaiseiHarunoUmi-Regular.ttf */,
				86A697AA2CCF349800E1AF29 /* MaterialCommunityIcons.ttf */,
				86A697CD2CCF34B500E1AF29 /* MaterialIcons.ttf */,
				86A697C72CCF34B100E1AF29 /* Merriweather-Black.ttf */,
				86A697C12CCF34AE00E1AF29 /* Merriweather-BlackItalic.ttf */,
				86A697B32CCF349E00E1AF29 /* Merriweather-Bold.ttf */,
				86A697BC2CCF34A900E1AF29 /* Merriweather-BoldItalic.ttf */,
				86A697D62CCF34BC00E1AF29 /* Merriweather-Italic.ttf */,
				86A697D42CCF34BB00E1AF29 /* Merriweather-Light.ttf */,
				86A697C32CCF34AF00E1AF29 /* Merriweather-LightItalic.ttf */,
				86A6979A2CCF348D00E1AF29 /* Merriweather-Regular.ttf */,
				86A6979E2CCF349000E1AF29 /* Octicons.ttf */,
				86A697CA2CCF34B300E1AF29 /* Proxima-NovaBold.ttf */,
				86A697AE2CCF349C00E1AF29 /* Proxima-NovaLight.ttf */,
				86A697AC2CCF349A00E1AF29 /* Proxima-NovaReg.ttf */,
				86A697AD2CCF349B00E1AF29 /* ProximaNova-Black.otf */,
				86A697B82CCF34A200E1AF29 /* ProximaNova-Bold.otf */,
				86A697CB2CCF34B300E1AF29 /* ProximaNova-Extrabld.otf */,
				86A697BF2CCF34AD00E1AF29 /* ProximaNova-Regular.otf */,
				86A697A32CCF349300E1AF29 /* ProximaNovaT-Thin.otf */,
				86A697D32CCF34BA00E1AF29 /* Raleway-Black.ttf */,
				86A697982CCF348B00E1AF29 /* Raleway-BlackItalic.ttf */,
				86A697A02CCF349200E1AF29 /* Raleway-Bold.ttf */,
				86A6979D2CCF349000E1AF29 /* Raleway-BoldItalic.ttf */,
				86A697A42CCF349400E1AF29 /* Raleway-ExtraBold.ttf */,
				86A697D52CCF34BB00E1AF29 /* Raleway-ExtraBoldItalic.ttf */,
				86A697A52CCF349500E1AF29 /* Raleway-ExtraLight.ttf */,
				86A697A92CCF349800E1AF29 /* Raleway-ExtraLightItalic.ttf */,
				86A697BA2CCF34A600E1AF29 /* Raleway-Italic.ttf */,
				86A697B42CCF349E00E1AF29 /* Raleway-Light.ttf */,
				86A697C52CCF34B000E1AF29 /* Raleway-LightItalic.ttf */,
				86A697C42CCF34B000E1AF29 /* Raleway-Medium.ttf */,
				86A697A12CCF349200E1AF29 /* Raleway-MediumItalic.ttf */,
				86A697C82CCF34B100E1AF29 /* Raleway-Regular.ttf */,
				86A697C62CCF34B100E1AF29 /* Raleway-SemiBold.ttf */,
				86A697D82CCF34BD00E1AF29 /* Raleway-SemiBoldItalic.ttf */,
				86A697A62CCF349500E1AF29 /* Raleway-Thin.ttf */,
				86A697AB2CCF349900E1AF29 /* Raleway-ThinItalic.ttf */,
				86A697CE2CCF34B500E1AF29 /* Roboto-Black.ttf */,
				86A697A82CCF349700E1AF29 /* Roboto-BlackItalic.ttf */,
				86A697B92CCF34A500E1AF29 /* Roboto-Bold.ttf */,
				86A697BE2CCF34AC00E1AF29 /* Roboto-BoldItalic.ttf */,
				86A697B02CCF349C00E1AF29 /* Roboto-Italic.ttf */,
				86A697D02CCF34B700E1AF29 /* Roboto-Light.ttf */,
				86A697AF2CCF349C00E1AF29 /* Roboto-LightItalic.ttf */,
				86A697CC2CCF34B400E1AF29 /* Roboto-Medium.ttf */,
				86A6979C2CCF348F00E1AF29 /* Roboto-MediumItalic.ttf */,
				86A697B52CCF349F00E1AF29 /* Roboto-Regular.ttf */,
				86A6979F2CCF349100E1AF29 /* Roboto-Thin.ttf */,
				86A697D12CCF34B800E1AF29 /* Roboto-ThinItalic.ttf */,
				86A697A22CCF349300E1AF29 /* SimpleLineIcons.ttf */,
				86A697A72CCF349600E1AF29 /* Zocial.ttf */,
				867AA72D2C5C769D0002425D /* fonts */,
				8660DDDD2C17E7AA00D24D4A /* FontAwesome6_Brands.ttf */,
				8660DDDE2C17E7AA00D24D4A /* FontAwesome6_Regular.ttf */,
				8660DDD92C17E77600D24D4A /* FontAwesome5_Brands.ttf */,
				13B07FAE1A68108700A75B9A /* TanriseResidence */,
				832341AE1AAA6A7D00B99B32 /* Libraries */,
				00E356EF1AD99517003FC87E /* TanriseResidenceTests */,
				83CBBA001A601CBA00E9B192 /* Products */,
				2D16E6871FA4F8E400B85C8A /* Frameworks */,
				BBD78D7AC51CEA395F1C20DB /* Pods */,
				2CF6B4BAA0BD490699FB8C97 /* Resources */,
			);
			indentWidth = 2;
			sourceTree = "<group>";
			tabWidth = 2;
			usesTabs = 0;
		};
		83CBBA001A601CBA00E9B192 /* Products */ = {
			isa = PBXGroup;
			children = (
				13B07F961A680F5B00A75B9A /* TanriseResidence.app */,
				00E356EE1AD99517003FC87E /* TanriseResidenceTests.xctest */,
			);
			name = Products;
			sourceTree = "<group>";
		};
		BBD78D7AC51CEA395F1C20DB /* Pods */ = {
			isa = PBXGroup;
			children = (
				0DC07C3DB57A95748366C329 /* Pods-TanriseResidence.debug.xcconfig */,
				07F62FC3AFF811B7FBD1E02D /* Pods-TanriseResidence.release.xcconfig */,
				B6F8A9F2526C4B34F4887FDA /* Pods-TanriseResidence-TanriseResidenceTests.debug.xcconfig */,
				4D8F23DA3C50257840F482A6 /* Pods-TanriseResidence-TanriseResidenceTests.release.xcconfig */,
			);
			path = Pods;
			sourceTree = "<group>";
		};
/* End PBXGroup section */

/* Begin PBXNativeTarget section */
		00E356ED1AD99517003FC87E /* TanriseResidenceTests */ = {
			isa = PBXNativeTarget;
			buildConfigurationList = 00E357021AD99517003FC87E /* Build configuration list for PBXNativeTarget "TanriseResidenceTests" */;
			buildPhases = (
				2599368B3E259BFE89130740 /* [CP] Check Pods Manifest.lock */,
				00E356EA1AD99517003FC87E /* Sources */,
				00E356EB1AD99517003FC87E /* Frameworks */,
				00E356EC1AD99517003FC87E /* Resources */,
				F0AA26B632DC0742DD416523 /* [CP] Embed Pods Frameworks */,
				A9D8AFA9918DC6A128FEAA24 /* [CP] Copy Pods Resources */,
			);
			buildRules = (
			);
			dependencies = (
				00E356F51AD99517003FC87E /* PBXTargetDependency */,
			);
			name = TanriseResidenceTests;
			productName = TanriseResidenceTests;
			productReference = 00E356EE1AD99517003FC87E /* TanriseResidenceTests.xctest */;
			productType = "com.apple.product-type.bundle.unit-test";
		};
		13B07F861A680F5B00A75B9A /* TanriseResidence */ = {
			isa = PBXNativeTarget;
			buildConfigurationList = 13B07F931A680F5B00A75B9A /* Build configuration list for PBXNativeTarget "TanriseResidence" */;
			buildPhases = (
				20AEB0C14C25E625C49F22E9 /* [CP] Check Pods Manifest.lock */,
				FD10A7F022414F080027D42C /* Start Packager */,
				13B07F871A680F5B00A75B9A /* Sources */,
				13B07F8C1A680F5B00A75B9A /* Frameworks */,
				13B07F8E1A680F5B00A75B9A /* Resources */,
				00DD1BFF1BD5951E006B06BC /* Bundle React Native code and images */,
				864354092C10555A00C69F68 /* ShellScript */,
				C171A4EC8BE69AF61C2658EC /* [CP] Embed Pods Frameworks */,
				EDCEC2F1091DCDB21DE0904F /* [CP] Copy Pods Resources */,
				072CE17F72E2421AAF3A1AAA /* [CP-User] [RNFB] Core Configuration */,
			);
			buildRules = (
			);
			dependencies = (
			);
			name = TanriseResidence;
			productName = TanriseResidence;
			productReference = 13B07F961A680F5B00A75B9A /* TanriseResidence.app */;
			productType = "com.apple.product-type.application";
		};
/* End PBXNativeTarget section */

/* Begin PBXProject section */
		83CBB9F71A601CBA00E9B192 /* Project object */ = {
			isa = PBXProject;
			attributes = {
				BuildIndependentTargetsInParallel = YES;
				LastUpgradeCheck = 1530;
				TargetAttributes = {
					00E356ED1AD99517003FC87E = {
						CreatedOnToolsVersion = 6.2;
						TestTargetID = 13B07F861A680F5B00A75B9A;
					};
					13B07F861A680F5B00A75B9A = {
						LastSwiftMigration = 1120;
					};
				};
			};
			buildConfigurationList = 83CBB9FA1A601CBA00E9B192 /* Build configuration list for PBXProject " " */;
			compatibilityVersion = "Xcode 12.0";
			developmentRegion = en;
			hasScannedForEncodings = 0;
			knownRegions = (
				en,
				Base,
			);
			mainGroup = 83CBB9F61A601CBA00E9B192;
			packageReferences = (
				8643540C2C105E6A00C69F68 /* XCRemoteSwiftPackageReference "firebase-ios-sdk" */,
			);
			productRefGroup = 83CBBA001A601CBA00E9B192 /* Products */;
			projectDirPath = "";
			projectRoot = "";
			targets = (
				13B07F861A680F5B00A75B9A /* TanriseResidence */,
				00E356ED1AD99517003FC87E /* TanriseResidenceTests */,
			);
		};
/* End PBXProject section */

/* Begin PBXResourcesBuildPhase section */
		00E356EC1AD99517003FC87E /* Resources */ = {
			isa = PBXResourcesBuildPhase;
			buildActionMask = 2147483647;
			files = (
			);
			runOnlyForDeploymentPostprocessing = 0;
		};
		13B07F8E1A680F5B00A75B9A /* Resources */ = {
			isa = PBXResourcesBuildPhase;
			buildActionMask = 2147483647;
			files = (
				86A697DA2CCF34BF00E1AF29 /* Raleway-BlackItalic.ttf in Resources */,
				86A697DB2CCF34BF00E1AF29 /* Entypo.ttf in Resources */,
				86A697DC2CCF34BF00E1AF29 /* Merriweather-Regular.ttf in Resources */,
				86A697DD2CCF34BF00E1AF29 /* Foundation.ttf in Resources */,
				86A697DE2CCF34BF00E1AF29 /* Roboto-MediumItalic.ttf in Resources */,
				86A697DF2CCF34BF00E1AF29 /* Raleway-BoldItalic.ttf in Resources */,
				86A697E02CCF34BF00E1AF29 /* Octicons.ttf in Resources */,
				86A697E12CCF34BF00E1AF29 /* Roboto-Thin.ttf in Resources */,
				86A697E22CCF34BF00E1AF29 /* Raleway-Bold.ttf in Resources */,
				86A697E32CCF34BF00E1AF29 /* Raleway-MediumItalic.ttf in Resources */,
				86A697E42CCF34BF00E1AF29 /* SimpleLineIcons.ttf in Resources */,
				86A697E52CCF34BF00E1AF29 /* ProximaNovaT-Thin.otf in Resources */,
				86A697E62CCF34BF00E1AF29 /* Raleway-ExtraBold.ttf in Resources */,
				86A697E72CCF34BF00E1AF29 /* Raleway-ExtraLight.ttf in Resources */,
				86A697E82CCF34BF00E1AF29 /* Raleway-Thin.ttf in Resources */,
				86A697E92CCF34BF00E1AF29 /* Zocial.ttf in Resources */,
				86A697EA2CCF34BF00E1AF29 /* Roboto-BlackItalic.ttf in Resources */,
				86A697EB2CCF34BF00E1AF29 /* Raleway-ExtraLightItalic.ttf in Resources */,
				86A697EC2CCF34BF00E1AF29 /* MaterialCommunityIcons.ttf in Resources */,
				86A697ED2CCF34BF00E1AF29 /* Raleway-ThinItalic.ttf in Resources */,
				86A697EE2CCF34BF00E1AF29 /* Proxima-NovaReg.ttf in Resources */,
				86A697EF2CCF34BF00E1AF29 /* ProximaNova-Black.otf in Resources */,
				86A697F02CCF34BF00E1AF29 /* Proxima-NovaLight.ttf in Resources */,
				86A697F12CCF34BF00E1AF29 /* Roboto-LightItalic.ttf in Resources */,
				86A697F22CCF34BF00E1AF29 /* Roboto-Italic.ttf in Resources */,
				86A697F32CCF34BF00E1AF29 /* FontAwesome5_Regular.ttf in Resources */,
				86A697F42CCF34BF00E1AF29 /* AntDesign.ttf in Resources */,
				86A697F52CCF34BF00E1AF29 /* Merriweather-Bold.ttf in Resources */,
				86A697F62CCF34BF00E1AF29 /* Raleway-Light.ttf in Resources */,
				86A697F72CCF34BF00E1AF29 /* Roboto-Regular.ttf in Resources */,
				86A697F82CCF34BF00E1AF29 /* FontAwesome.ttf in Resources */,
				86A697F92CCF34BF00E1AF29 /* Feather.ttf in Resources */,
				86A697FA2CCF34BF00E1AF29 /* ProximaNova-Bold.otf in Resources */,
				86A697FB2CCF34BF00E1AF29 /* Roboto-Bold.ttf in Resources */,
				86A697FC2CCF34BF00E1AF29 /* Raleway-Italic.ttf in Resources */,
				86A697FD2CCF34C000E1AF29 /* KaiseiHarunoUmi-Medium.ttf in Resources */,
				86A697FE2CCF34C000E1AF29 /* Merriweather-BoldItalic.ttf in Resources */,
				86A697FF2CCF34C000E1AF29 /* Fontisto.ttf in Resources */,
				86A698002CCF34C000E1AF29 /* Roboto-BoldItalic.ttf in Resources */,
				86A698012CCF34C000E1AF29 /* ProximaNova-Regular.otf in Resources */,
				86A698022CCF34C000E1AF29 /* KaiseiHarunoUmi-Regular.ttf in Resources */,
				86A698032CCF34C000E1AF29 /* Merriweather-BlackItalic.ttf in Resources */,
				86A698042CCF34C000E1AF29 /* EvilIcons.ttf in Resources */,
				86A698052CCF34C000E1AF29 /* Merriweather-LightItalic.ttf in Resources */,
				86A698062CCF34C000E1AF29 /* Raleway-Medium.ttf in Resources */,
				86A698072CCF34C000E1AF29 /* Raleway-LightItalic.ttf in Resources */,
				86A698082CCF34C000E1AF29 /* Raleway-SemiBold.ttf in Resources */,
				86A698092CCF34C000E1AF29 /* Merriweather-Black.ttf in Resources */,
				86A6980A2CCF34C000E1AF29 /* Raleway-Regular.ttf in Resources */,
				86A6980B2CCF34C000E1AF29 /* FontAwesome5_Solid.ttf in Resources */,
				86A6980C2CCF34C000E1AF29 /* Proxima-NovaBold.ttf in Resources */,
				86A6980D2CCF34C000E1AF29 /* ProximaNova-Extrabld.otf in Resources */,
				86A6980E2CCF34C000E1AF29 /* Roboto-Medium.ttf in Resources */,
				86A6980F2CCF34C000E1AF29 /* MaterialIcons.ttf in Resources */,
				86A698102CCF34C000E1AF29 /* Roboto-Black.ttf in Resources */,
				86A698112CCF34C000E1AF29 /* DMSerifDisplay.ttf in Resources */,
				86A698122CCF34C000E1AF29 /* Roboto-Light.ttf in Resources */,
				86A698132CCF34C000E1AF29 /* Roboto-ThinItalic.ttf in Resources */,
				86A698142CCF34C000E1AF29 /* FontAwesome5_Brands.ttf in Resources */,
				86A698152CCF34C000E1AF29 /* Raleway-Black.ttf in Resources */,
				86A698162CCF34C000E1AF29 /* Merriweather-Light.ttf in Resources */,
				86A698172CCF34C000E1AF29 /* Raleway-ExtraBoldItalic.ttf in Resources */,
				86A698182CCF34C000E1AF29 /* Merriweather-Italic.ttf in Resources */,
				86A698192CCF34C000E1AF29 /* KaiseiHarunoUmi-Bold.ttf in Resources */,
				86A6981A2CCF34C000E1AF29 /* Raleway-SemiBoldItalic.ttf in Resources */,
				86A6981B2CCF34C000E1AF29 /* Ionicons.ttf in Resources */,
				8643E2642C5C9C3F00763A43 /* GoogleService-Info.plist in Resources */,
				867AA72E2C5C769D0002425D /* fonts in Resources */,
				81AB9BB82411601600AC10FF /* LaunchScreen.storyboard in Resources */,
				86D6E7342B0E11360031C35D /* Assets.xcassets in Resources */,
				13B07FBF1A68108700A75B9A /* Images.xcassets in Resources */,
			);
			runOnlyForDeploymentPostprocessing = 0;
		};
/* End PBXResourcesBuildPhase section */

/* Begin PBXShellScriptBuildPhase section */
		00DD1BFF1BD5951E006B06BC /* Bundle React Native code and images */ = {
			isa = PBXShellScriptBuildPhase;
			buildActionMask = 2147483647;
			files = (
			);
			inputPaths = (
				"$(SRCROOT)/.xcode.env.local",
				"$(SRCROOT)/.xcode.env",
			);
			name = "Bundle React Native code and images";
			outputPaths = (
			);
			runOnlyForDeploymentPostprocessing = 0;
			shellPath = /bin/sh;
			shellScript = "set -e\n\nWITH_ENVIRONMENT=\"../node_modules/react-native/scripts/xcode/with-environment.sh\"\nREACT_NATIVE_XCODE=\"../node_modules/react-native/scripts/react-native-xcode.sh\"\n\nexport NODE_BINARY=\"/Users/haniyya/.nvm/versions/node/v16.20.2/bin/node\"\n\n/bin/sh -c \"$WITH_ENVIRONMENT $REACT_NATIVE_XCODE $NODE_BINARY\"\n";
		};
		072CE17F72E2421AAF3A1AAA /* [CP-User] [RNFB] Core Configuration */ = {
			isa = PBXShellScriptBuildPhase;
			buildActionMask = 2147483647;
			files = (
			);
			inputPaths = (
				"$(BUILT_PRODUCTS_DIR)/$(INFOPLIST_PATH)",
			);
			name = "[CP-User] [RNFB] Core Configuration";
			runOnlyForDeploymentPostprocessing = 0;
			shellPath = /bin/sh;
			shellScript = "#!/usr/bin/env bash\n#\n# Copyright (c) 2016-present Invertase Limited & Contributors\n#\n# Licensed under the Apache License, Version 2.0 (the \"License\");\n# you may not use this library except in compliance with the License.\n# You may obtain a copy of the License at\n#\n#   http://www.apache.org/licenses/LICENSE-2.0\n#\n# Unless required by applicable law or agreed to in writing, software\n# distributed under the License is distributed on an \"AS IS\" BASIS,\n# WITHOUT WARRANTIES OR CONDITIONS OF ANY KIND, either express or implied.\n# See the License for the specific language governing permissions and\n# limitations under the License.\n#\n\n##########################################################################\n##########################################################################\n#\n#  NOTE THAT IF YOU CHANGE THIS FILE YOU MUST RUN pod install AFTERWARDS\n#\n#  This file is installed as an Xcode build script in the project file\n#  by cocoapods, and you will not see your changes until you pod install\n#\n##########################################################################\n##########################################################################\n\nset -e\n\n_MAX_LOOKUPS=2;\n_SEARCH_RESULT=''\n_RN_ROOT_EXISTS=''\n_CURRENT_LOOKUPS=1\n_JSON_ROOT=\"'react-native'\"\n_JSON_FILE_NAME='firebase.json'\n_JSON_OUTPUT_BASE64='e30=' # { }\n_CURRENT_SEARCH_DIR=${PROJECT_DIR}\n_PLIST_BUDDY=/usr/libexec/PlistBuddy\n_TARGET_PLIST=\"${BUILT_PRODUCTS_DIR}/${INFOPLIST_PATH}\"\n_DSYM_PLIST=\"${DWARF_DSYM_FOLDER_PATH}/${DWARF_DSYM_FILE_NAME}/Contents/Info.plist\"\n\n# plist arrays\n_PLIST_ENTRY_KEYS=()\n_PLIST_ENTRY_TYPES=()\n_PLIST_ENTRY_VALUES=()\n\nfunction setPlistValue {\n  echo \"info:      setting plist entry '$1' of type '$2' in file '$4'\"\n  ${_PLIST_BUDDY} -c \"Add :$1 $2 '$3'\" $4 || echo \"info:      '$1' already exists\"\n}\n\nfunction getFirebaseJsonKeyValue () {\n  if [[ ${_RN_ROOT_EXISTS} ]]; then\n    ruby -Ku -e \"require 'rubygems';require 'json'; output=JSON.parse('$1'); puts output[$_JSON_ROOT]['$2']\"\n  else\n    echo \"\"\n  fi;\n}\n\nfunction jsonBoolToYesNo () {\n  if [[ $1 == \"false\" ]]; then\n    echo \"NO\"\n  elif [[ $1 == \"true\" ]]; then\n    echo \"YES\"\n  else echo \"NO\"\n  fi\n}\n\necho \"info: -> RNFB build script started\"\necho \"info: 1) Locating ${_JSON_FILE_NAME} file:\"\n\nif [[ -z ${_CURRENT_SEARCH_DIR} ]]; then\n  _CURRENT_SEARCH_DIR=$(pwd)\nfi;\n\nwhile true; do\n  _CURRENT_SEARCH_DIR=$(dirname \"$_CURRENT_SEARCH_DIR\")\n  if [[ \"$_CURRENT_SEARCH_DIR\" == \"/\" ]] || [[ ${_CURRENT_LOOKUPS} -gt ${_MAX_LOOKUPS} ]]; then break; fi;\n  echo \"info:      ($_CURRENT_LOOKUPS of $_MAX_LOOKUPS) Searching in '$_CURRENT_SEARCH_DIR' for a ${_JSON_FILE_NAME} file.\"\n  _SEARCH_RESULT=$(find \"$_CURRENT_SEARCH_DIR\" -maxdepth 2 -name ${_JSON_FILE_NAME} -print | /usr/bin/head -n 1)\n  if [[ ${_SEARCH_RESULT} ]]; then\n    echo \"info:      ${_JSON_FILE_NAME} found at $_SEARCH_RESULT\"\n    break;\n  fi;\n  _CURRENT_LOOKUPS=$((_CURRENT_LOOKUPS+1))\ndone\n\nif [[ ${_SEARCH_RESULT} ]]; then\n  _JSON_OUTPUT_RAW=$(cat \"${_SEARCH_RESULT}\")\n  _RN_ROOT_EXISTS=$(ruby -Ku -e \"require 'rubygems';require 'json'; output=JSON.parse('$_JSON_OUTPUT_RAW'); puts output[$_JSON_ROOT]\" || echo '')\n\n  if [[ ${_RN_ROOT_EXISTS} ]]; then\n    if ! python3 --version >/dev/null 2>&1; then echo \"python3 not found, firebase.json file processing error.\" && exit 1; fi\n    _JSON_OUTPUT_BASE64=$(python3 -c 'import json,sys,base64;print(base64.b64encode(bytes(json.dumps(json.loads(open('\"'${_SEARCH_RESULT}'\"', '\"'rb'\"').read())['${_JSON_ROOT}']), '\"'utf-8'\"')).decode())' || echo \"e30=\")\n  fi\n\n  _PLIST_ENTRY_KEYS+=(\"firebase_json_raw\")\n  _PLIST_ENTRY_TYPES+=(\"string\")\n  _PLIST_ENTRY_VALUES+=(\"$_JSON_OUTPUT_BASE64\")\n\n  # config.app_data_collection_default_enabled\n  _APP_DATA_COLLECTION_ENABLED=$(getFirebaseJsonKeyValue \"$_JSON_OUTPUT_RAW\" \"app_data_collection_default_enabled\")\n  if [[ $_APP_DATA_COLLECTION_ENABLED ]]; then\n    _PLIST_ENTRY_KEYS+=(\"FirebaseDataCollectionDefaultEnabled\")\n    _PLIST_ENTRY_TYPES+=(\"bool\")\n    _PLIST_ENTRY_VALUES+=(\"$(jsonBoolToYesNo \"$_APP_DATA_COLLECTION_ENABLED\")\")\n  fi\n\n  # config.analytics_auto_collection_enabled\n  _ANALYTICS_AUTO_COLLECTION=$(getFirebaseJsonKeyValue \"$_JSON_OUTPUT_RAW\" \"analytics_auto_collection_enabled\")\n  if [[ $_ANALYTICS_AUTO_COLLECTION ]]; then\n    _PLIST_ENTRY_KEYS+=(\"FIREBASE_ANALYTICS_COLLECTION_ENABLED\")\n    _PLIST_ENTRY_TYPES+=(\"bool\")\n    _PLIST_ENTRY_VALUES+=(\"$(jsonBoolToYesNo \"$_ANALYTICS_AUTO_COLLECTION\")\")\n  fi\n\n  # config.analytics_collection_deactivated\n  _ANALYTICS_DEACTIVATED=$(getFirebaseJsonKeyValue \"$_JSON_OUTPUT_RAW\" \"analytics_collection_deactivated\")\n  if [[ $_ANALYTICS_DEACTIVATED ]]; then\n    _PLIST_ENTRY_KEYS+=(\"FIREBASE_ANALYTICS_COLLECTION_DEACTIVATED\")\n    _PLIST_ENTRY_TYPES+=(\"bool\")\n    _PLIST_ENTRY_VALUES+=(\"$(jsonBoolToYesNo \"$_ANALYTICS_DEACTIVATED\")\")\n  fi\n\n  # config.analytics_idfv_collection_enabled\n  _ANALYTICS_IDFV_COLLECTION=$(getFirebaseJsonKeyValue \"$_JSON_OUTPUT_RAW\" \"analytics_idfv_collection_enabled\")\n  if [[ $_ANALYTICS_IDFV_COLLECTION ]]; then\n    _PLIST_ENTRY_KEYS+=(\"GOOGLE_ANALYTICS_IDFV_COLLECTION_ENABLED\")\n    _PLIST_ENTRY_TYPES+=(\"bool\")\n    _PLIST_ENTRY_VALUES+=(\"$(jsonBoolToYesNo \"$_ANALYTICS_IDFV_COLLECTION\")\")\n  fi\n\n  # config.analytics_default_allow_analytics_storage\n  _ANALYTICS_STORAGE=$(getFirebaseJsonKeyValue \"$_JSON_OUTPUT_RAW\" \"analytics_default_allow_analytics_storage\")\n  if [[ $_ANALYTICS_STORAGE ]]; then\n    _PLIST_ENTRY_KEYS+=(\"GOOGLE_ANALYTICS_DEFAULT_ALLOW_ANALYTICS_STORAGE\")\n    _PLIST_ENTRY_TYPES+=(\"bool\")\n    _PLIST_ENTRY_VALUES+=(\"$(jsonBoolToYesNo \"$_ANALYTICS_STORAGE\")\")\n  fi\n\n  # config.analytics_default_allow_ad_storage\n  _ANALYTICS_AD_STORAGE=$(getFirebaseJsonKeyValue \"$_JSON_OUTPUT_RAW\" \"analytics_default_allow_ad_storage\")\n  if [[ $_ANALYTICS_AD_STORAGE ]]; then\n    _PLIST_ENTRY_KEYS+=(\"GOOGLE_ANALYTICS_DEFAULT_ALLOW_AD_STORAGE\")\n    _PLIST_ENTRY_TYPES+=(\"bool\")\n    _PLIST_ENTRY_VALUES+=(\"$(jsonBoolToYesNo \"$_ANALYTICS_AD_STORAGE\")\")\n  fi\n\n  # config.analytics_default_allow_ad_user_data\n  _ANALYTICS_AD_USER_DATA=$(getFirebaseJsonKeyValue \"$_JSON_OUTPUT_RAW\" \"analytics_default_allow_ad_user_data\")\n  if [[ $_ANALYTICS_AD_USER_DATA ]]; then\n    _PLIST_ENTRY_KEYS+=(\"GOOGLE_ANALYTICS_DEFAULT_ALLOW_AD_USER_DATA\")\n    _PLIST_ENTRY_TYPES+=(\"bool\")\n    _PLIST_ENTRY_VALUES+=(\"$(jsonBoolToYesNo \"$_ANALYTICS_AD_USER_DATA\")\")\n  fi\n\n  # config.analytics_default_allow_ad_personalization_signals\n  _ANALYTICS_PERSONALIZATION=$(getFirebaseJsonKeyValue \"$_JSON_OUTPUT_RAW\" \"analytics_default_allow_ad_personalization_signals\")\n  if [[ $_ANALYTICS_PERSONALIZATION ]]; then\n    _PLIST_ENTRY_KEYS+=(\"GOOGLE_ANALYTICS_DEFAULT_ALLOW_AD_PERSONALIZATION_SIGNALS\")\n    _PLIST_ENTRY_TYPES+=(\"bool\")\n    _PLIST_ENTRY_VALUES+=(\"$(jsonBoolToYesNo \"$_ANALYTICS_PERSONALIZATION\")\")\n  fi\n\n  # config.analytics_registration_with_ad_network_enabled\n  _ANALYTICS_REGISTRATION_WITH_AD_NETWORK=$(getFirebaseJsonKeyValue \"$_JSON_OUTPUT_RAW\" \"google_analytics_registration_with_ad_network_enabled\")\n  if [[ $_ANALYTICS_REGISTRATION_WITH_AD_NETWORK ]]; then\n    _PLIST_ENTRY_KEYS+=(\"GOOGLE_ANALYTICS_REGISTRATION_WITH_AD_NETWORK_ENABLED\")\n    _PLIST_ENTRY_TYPES+=(\"bool\")\n    _PLIST_ENTRY_VALUES+=(\"$(jsonBoolToYesNo \"$_ANALYTICS_REGISTRATION_WITH_AD_NETWORK\")\")\n  fi\n\n  # config.google_analytics_automatic_screen_reporting_enabled\n  _ANALYTICS_AUTO_SCREEN_REPORTING=$(getFirebaseJsonKeyValue \"$_JSON_OUTPUT_RAW\" \"google_analytics_automatic_screen_reporting_enabled\")\n  if [[ $_ANALYTICS_AUTO_SCREEN_REPORTING ]]; then\n    _PLIST_ENTRY_KEYS+=(\"FirebaseAutomaticScreenReportingEnabled\")\n    _PLIST_ENTRY_TYPES+=(\"bool\")\n    _PLIST_ENTRY_VALUES+=(\"$(jsonBoolToYesNo \"$_ANALYTICS_AUTO_SCREEN_REPORTING\")\")\n  fi\n\n  # config.perf_auto_collection_enabled\n  _PERF_AUTO_COLLECTION=$(getFirebaseJsonKeyValue \"$_JSON_OUTPUT_RAW\" \"perf_auto_collection_enabled\")\n  if [[ $_PERF_AUTO_COLLECTION ]]; then\n    _PLIST_ENTRY_KEYS+=(\"firebase_performance_collection_enabled\")\n    _PLIST_ENTRY_TYPES+=(\"bool\")\n    _PLIST_ENTRY_VALUES+=(\"$(jsonBoolToYesNo \"$_PERF_AUTO_COLLECTION\")\")\n  fi\n\n  # config.perf_collection_deactivated\n  _PERF_DEACTIVATED=$(getFirebaseJsonKeyValue \"$_JSON_OUTPUT_RAW\" \"perf_collection_deactivated\")\n  if [[ $_PERF_DEACTIVATED ]]; then\n    _PLIST_ENTRY_KEYS+=(\"firebase_performance_collection_deactivated\")\n    _PLIST_ENTRY_TYPES+=(\"bool\")\n    _PLIST_ENTRY_VALUES+=(\"$(jsonBoolToYesNo \"$_PERF_DEACTIVATED\")\")\n  fi\n\n  # config.messaging_auto_init_enabled\n  _MESSAGING_AUTO_INIT=$(getFirebaseJsonKeyValue \"$_JSON_OUTPUT_RAW\" \"messaging_auto_init_enabled\")\n  if [[ $_MESSAGING_AUTO_INIT ]]; then\n    _PLIST_ENTRY_KEYS+=(\"FirebaseMessagingAutoInitEnabled\")\n    _PLIST_ENTRY_TYPES+=(\"bool\")\n    _PLIST_ENTRY_VALUES+=(\"$(jsonBoolToYesNo \"$_MESSAGING_AUTO_INIT\")\")\n  fi\n\n  # config.in_app_messaging_auto_colllection_enabled\n  _FIAM_AUTO_INIT=$(getFirebaseJsonKeyValue \"$_JSON_OUTPUT_RAW\" \"in_app_messaging_auto_collection_enabled\")\n  if [[ $_FIAM_AUTO_INIT ]]; then\n    _PLIST_ENTRY_KEYS+=(\"FirebaseInAppMessagingAutomaticDataCollectionEnabled\")\n    _PLIST_ENTRY_TYPES+=(\"bool\")\n    _PLIST_ENTRY_VALUES+=(\"$(jsonBoolToYesNo \"$_FIAM_AUTO_INIT\")\")\n  fi\n\n  # config.app_check_token_auto_refresh\n  _APP_CHECK_TOKEN_AUTO_REFRESH=$(getFirebaseJsonKeyValue \"$_JSON_OUTPUT_RAW\" \"app_check_token_auto_refresh\")\n  if [[ $_APP_CHECK_TOKEN_AUTO_REFRESH ]]; then\n    _PLIST_ENTRY_KEYS+=(\"FirebaseAppCheckTokenAutoRefreshEnabled\")\n    _PLIST_ENTRY_TYPES+=(\"bool\")\n    _PLIST_ENTRY_VALUES+=(\"$(jsonBoolToYesNo \"$_APP_CHECK_TOKEN_AUTO_REFRESH\")\")\n  fi\n\n  # config.crashlytics_disable_auto_disabler - undocumented for now - mainly for debugging, document if becomes useful\n  _CRASHLYTICS_AUTO_DISABLE_ENABLED=$(getFirebaseJsonKeyValue \"$_JSON_OUTPUT_RAW\" \"crashlytics_disable_auto_disabler\")\n  if [[ $_CRASHLYTICS_AUTO_DISABLE_ENABLED == \"true\" ]]; then\n    echo \"Disabled Crashlytics auto disabler.\" # do nothing\n  else\n    _PLIST_ENTRY_KEYS+=(\"FirebaseCrashlyticsCollectionEnabled\")\n    _PLIST_ENTRY_TYPES+=(\"bool\")\n    _PLIST_ENTRY_VALUES+=(\"NO\")\n  fi\nelse\n  _PLIST_ENTRY_KEYS+=(\"firebase_json_raw\")\n  _PLIST_ENTRY_TYPES+=(\"string\")\n  _PLIST_ENTRY_VALUES+=(\"$_JSON_OUTPUT_BASE64\")\n  echo \"warning:   A firebase.json file was not found, whilst this file is optional it is recommended to include it to configure firebase services in React Native Firebase.\"\nfi;\n\necho \"info: 2) Injecting Info.plist entries: \"\n\n# Log out the keys we're adding\nfor i in \"${!_PLIST_ENTRY_KEYS[@]}\"; do\n  echo \"    ->  $i) ${_PLIST_ENTRY_KEYS[$i]}\" \"${_PLIST_ENTRY_TYPES[$i]}\" \"${_PLIST_ENTRY_VALUES[$i]}\"\ndone\n\nfor plist in \"${_TARGET_PLIST}\" \"${_DSYM_PLIST}\" ; do\n  if [[ -f \"${plist}\" ]]; then\n\n    # paths with spaces break the call to setPlistValue. temporarily modify\n    # the shell internal field separator variable (IFS), which normally\n    # includes spaces, to consist only of line breaks\n    oldifs=$IFS\n    IFS=\"\n\"\n\n    for i in \"${!_PLIST_ENTRY_KEYS[@]}\"; do\n      setPlistValue \"${_PLIST_ENTRY_KEYS[$i]}\" \"${_PLIST_ENTRY_TYPES[$i]}\" \"${_PLIST_ENTRY_VALUES[$i]}\" \"${plist}\"\n    done\n\n    # restore the original internal field separator value\n    IFS=$oldifs\n  else\n    echo \"warning:   A Info.plist build output file was not found (${plist})\"\n  fi\ndone\n\necho \"info: <- RNFB build script finished\"\n";
		};
		20AEB0C14C25E625C49F22E9 /* [CP] Check Pods Manifest.lock */ = {
			isa = PBXShellScriptBuildPhase;
			buildActionMask = 2147483647;
			files = (
			);
			inputFileListPaths = (
			);
			inputPaths = (
				"${PODS_PODFILE_DIR_PATH}/Podfile.lock",
				"${PODS_ROOT}/Manifest.lock",
			);
			name = "[CP] Check Pods Manifest.lock";
			outputFileListPaths = (
			);
			outputPaths = (
				"$(DERIVED_FILE_DIR)/Pods-TanriseResidence-checkManifestLockResult.txt",
			);
			runOnlyForDeploymentPostprocessing = 0;
			shellPath = /bin/sh;
			shellScript = "diff \"${PODS_PODFILE_DIR_PATH}/Podfile.lock\" \"${PODS_ROOT}/Manifest.lock\" > /dev/null\nif [ $? != 0 ] ; then\n    # print error to STDERR\n    echo \"error: The sandbox is not in sync with the Podfile.lock. Run 'pod install' or update your CocoaPods installation.\" >&2\n    exit 1\nfi\n# This output is used by Xcode 'outputs' to avoid re-running this script phase.\necho \"SUCCESS\" > \"${SCRIPT_OUTPUT_FILE_0}\"\n";
			showEnvVarsInLog = 0;
		};
		2599368B3E259BFE89130740 /* [CP] Check Pods Manifest.lock */ = {
			isa = PBXShellScriptBuildPhase;
			buildActionMask = 2147483647;
			files = (
			);
			inputFileListPaths = (
			);
			inputPaths = (
				"${PODS_PODFILE_DIR_PATH}/Podfile.lock",
				"${PODS_ROOT}/Manifest.lock",
			);
			name = "[CP] Check Pods Manifest.lock";
			outputFileListPaths = (
			);
			outputPaths = (
				"$(DERIVED_FILE_DIR)/Pods-TanriseResidence-TanriseResidenceTests-checkManifestLockResult.txt",
			);
			runOnlyForDeploymentPostprocessing = 0;
			shellPath = /bin/sh;
			shellScript = "diff \"${PODS_PODFILE_DIR_PATH}/Podfile.lock\" \"${PODS_ROOT}/Manifest.lock\" > /dev/null\nif [ $? != 0 ] ; then\n    # print error to STDERR\n    echo \"error: The sandbox is not in sync with the Podfile.lock. Run 'pod install' or update your CocoaPods installation.\" >&2\n    exit 1\nfi\n# This output is used by Xcode 'outputs' to avoid re-running this script phase.\necho \"SUCCESS\" > \"${SCRIPT_OUTPUT_FILE_0}\"\n";
			showEnvVarsInLog = 0;
		};
		864354092C10555A00C69F68 /* ShellScript */ = {
			isa = PBXShellScriptBuildPhase;
			buildActionMask = 2147483647;
			files = (
			);
			inputFileListPaths = (
			);
			inputPaths = (
			);
			outputFileListPaths = (
			);
			outputPaths = (
			);
			runOnlyForDeploymentPostprocessing = 0;
			shellPath = /bin/sh;
			shellScript = "# Type a script or drag a script file from your workspace to insert its path.\n";
		};
		A9D8AFA9918DC6A128FEAA24 /* [CP] Copy Pods Resources */ = {
			isa = PBXShellScriptBuildPhase;
			buildActionMask = 2147483647;
			files = (
			);
			inputFileListPaths = (
				"${PODS_ROOT}/Target Support Files/Pods-TanriseResidence-TanriseResidenceTests/Pods-TanriseResidence-TanriseResidenceTests-resources-${CONFIGURATION}-input-files.xcfilelist",
			);
			name = "[CP] Copy Pods Resources";
			outputFileListPaths = (
				"${PODS_ROOT}/Target Support Files/Pods-TanriseResidence-TanriseResidenceTests/Pods-TanriseResidence-TanriseResidenceTests-resources-${CONFIGURATION}-output-files.xcfilelist",
			);
			runOnlyForDeploymentPostprocessing = 0;
			shellPath = /bin/sh;
			shellScript = "\"${PODS_ROOT}/Target Support Files/Pods-TanriseResidence-TanriseResidenceTests/Pods-TanriseResidence-TanriseResidenceTests-resources.sh\"\n";
			showEnvVarsInLog = 0;
		};
		C171A4EC8BE69AF61C2658EC /* [CP] Embed Pods Frameworks */ = {
			isa = PBXShellScriptBuildPhase;
			buildActionMask = 2147483647;
			files = (
			);
			inputFileListPaths = (
				"${PODS_ROOT}/Target Support Files/Pods-TanriseResidence/Pods-TanriseResidence-frameworks-${CONFIGURATION}-input-files.xcfilelist",
			);
			name = "[CP] Embed Pods Frameworks";
			outputFileListPaths = (
				"${PODS_ROOT}/Target Support Files/Pods-TanriseResidence/Pods-TanriseResidence-frameworks-${CONFIGURATION}-output-files.xcfilelist",
			);
			runOnlyForDeploymentPostprocessing = 0;
			shellPath = /bin/sh;
			shellScript = "\"${PODS_ROOT}/Target Support Files/Pods-TanriseResidence/Pods-TanriseResidence-frameworks.sh\"\n";
			showEnvVarsInLog = 0;
		};
		EDCEC2F1091DCDB21DE0904F /* [CP] Copy Pods Resources */ = {
			isa = PBXShellScriptBuildPhase;
			buildActionMask = 2147483647;
			files = (
			);
			inputFileListPaths = (
				"${PODS_ROOT}/Target Support Files/Pods-TanriseResidence/Pods-TanriseResidence-resources-${CONFIGURATION}-input-files.xcfilelist",
			);
			name = "[CP] Copy Pods Resources";
			outputFileListPaths = (
				"${PODS_ROOT}/Target Support Files/Pods-TanriseResidence/Pods-TanriseResidence-resources-${CONFIGURATION}-output-files.xcfilelist",
			);
			runOnlyForDeploymentPostprocessing = 0;
			shellPath = /bin/sh;
			shellScript = "\"${PODS_ROOT}/Target Support Files/Pods-TanriseResidence/Pods-TanriseResidence-resources.sh\"\n";
			showEnvVarsInLog = 0;
		};
		F0AA26B632DC0742DD416523 /* [CP] Embed Pods Frameworks */ = {
			isa = PBXShellScriptBuildPhase;
			buildActionMask = 2147483647;
			files = (
			);
			inputFileListPaths = (
				"${PODS_ROOT}/Target Support Files/Pods-TanriseResidence-TanriseResidenceTests/Pods-TanriseResidence-TanriseResidenceTests-frameworks-${CONFIGURATION}-input-files.xcfilelist",
			);
			name = "[CP] Embed Pods Frameworks";
			outputFileListPaths = (
				"${PODS_ROOT}/Target Support Files/Pods-TanriseResidence-TanriseResidenceTests/Pods-TanriseResidence-TanriseResidenceTests-frameworks-${CONFIGURATION}-output-files.xcfilelist",
			);
			runOnlyForDeploymentPostprocessing = 0;
			shellPath = /bin/sh;
			shellScript = "\"${PODS_ROOT}/Target Support Files/Pods-TanriseResidence-TanriseResidenceTests/Pods-TanriseResidence-TanriseResidenceTests-frameworks.sh\"\n";
			showEnvVarsInLog = 0;
		};
		FD10A7F022414F080027D42C /* Start Packager */ = {
			isa = PBXShellScriptBuildPhase;
			buildActionMask = 2147483647;
			files = (
			);
			inputFileListPaths = (
			);
			inputPaths = (
			);
			name = "Start Packager";
			outputFileListPaths = (
			);
			outputPaths = (
			);
			runOnlyForDeploymentPostprocessing = 0;
			shellPath = /bin/sh;
			shellScript = "export RCT_METRO_PORT=\"${RCT_METRO_PORT:=8081}\"\necho \"export RCT_METRO_PORT=${RCT_METRO_PORT}\" > \"${SRCROOT}/../node_modules/react-native/scripts/.packager.env\"\nif [ -z \"${RCT_NO_LAUNCH_PACKAGER+xxx}\" ] ; then\n  if nc -w 5 -z localhost ${RCT_METRO_PORT} ; then\n    if ! curl -s \"http://localhost:${RCT_METRO_PORT}/status\" | grep -q \"packager-status:running\" ; then\n      echo \"Port ${RCT_METRO_PORT} already in use, packager is either not running or not running correctly\"\n      exit 2\n    fi\n  else\n    open \"$SRCROOT/../node_modules/react-native/scripts/launchPackager.command\" || echo \"Can't start packager automatically\"\n  fi\nfi\n";
			showEnvVarsInLog = 0;
		};
/* End PBXShellScriptBuildPhase section */

/* Begin PBXSourcesBuildPhase section */
		00E356EA1AD99517003FC87E /* Sources */ = {
			isa = PBXSourcesBuildPhase;
			buildActionMask = 2147483647;
			files = (
				00E356F31AD99517003FC87E /* TanriseResidenceTests.m in Sources */,
			);
			runOnlyForDeploymentPostprocessing = 0;
		};
		13B07F871A680F5B00A75B9A /* Sources */ = {
			isa = PBXSourcesBuildPhase;
			buildActionMask = 2147483647;
			files = (
				13B07FBC1A68108700A75B9A /* AppDelegate.mm in Sources */,
				13B07FC11A68108700A75B9A /* main.m in Sources */,
				86708B5E2D27EE4800F9DB6C /* test.cpp in Sources */,
			);
			runOnlyForDeploymentPostprocessing = 0;
		};
/* End PBXSourcesBuildPhase section */

/* Begin PBXTargetDependency section */
		00E356F51AD99517003FC87E /* PBXTargetDependency */ = {
			isa = PBXTargetDependency;
			target = 13B07F861A680F5B00A75B9A /* TanriseResidence */;
			targetProxy = 00E356F41AD99517003FC87E /* PBXContainerItemProxy */;
		};
/* End PBXTargetDependency section */

/* Begin XCBuildConfiguration section */
		00E356F61AD99517003FC87E /* Debug */ = {
			isa = XCBuildConfiguration;
			baseConfigurationReference = B6F8A9F2526C4B34F4887FDA /* Pods-TanriseResidence-TanriseResidenceTests.debug.xcconfig */;
			buildSettings = {
				ALWAYS_EMBED_SWIFT_STANDARD_LIBRARIES = YES;
				BUNDLE_LOADER = "$(TEST_HOST)";
				GCC_PREPROCESSOR_DEFINITIONS = (
					"DEBUG=1",
					"$(inherited)",
				);
				INFOPLIST_FILE = TanriseResidenceTests/Info.plist;
				IPHONEOS_DEPLOYMENT_TARGET = 12.4;
				LD_RUNPATH_SEARCH_PATHS = (
					"$(inherited)",
					"@executable_path/Frameworks",
					"@loader_path/Frameworks",
				);
				OTHER_LDFLAGS = (
					"-ObjC",
					"-lc++",
					"$(inherited)",
				);
				PRODUCT_BUNDLE_IDENTIFIER = com.ifcasoftware.tanriseresidence;
				PRODUCT_NAME = "$(TARGET_NAME)";
				TEST_HOST = "$(BUILT_PRODUCTS_DIR)/TanriseResidence.app/TanriseResidence";
			};
			name = Debug;
		};
		00E356F71AD99517003FC87E /* Release */ = {
			isa = XCBuildConfiguration;
			baseConfigurationReference = 4D8F23DA3C50257840F482A6 /* Pods-TanriseResidence-TanriseResidenceTests.release.xcconfig */;
			buildSettings = {
				ALWAYS_EMBED_SWIFT_STANDARD_LIBRARIES = YES;
				BUNDLE_LOADER = "$(TEST_HOST)";
				COPY_PHASE_STRIP = NO;
				INFOPLIST_FILE = TanriseResidenceTests/Info.plist;
				IPHONEOS_DEPLOYMENT_TARGET = 12.4;
				LD_RUNPATH_SEARCH_PATHS = (
					"$(inherited)",
					"@executable_path/Frameworks",
					"@loader_path/Frameworks",
				);
				OTHER_LDFLAGS = (
					"-ObjC",
					"-lc++",
					"$(inherited)",
				);
				PRODUCT_BUNDLE_IDENTIFIER = com.ifcasoftware.tanriseresidence;
				PRODUCT_NAME = "$(TARGET_NAME)";
				TEST_HOST = "$(BUILT_PRODUCTS_DIR)/TanriseResidence.app/TanriseResidence";
			};
			name = Release;
		};
		13B07F941A680F5B00A75B9A /* Debug */ = {
			isa = XCBuildConfiguration;
			baseConfigurationReference = 0DC07C3DB57A95748366C329 /* Pods-TanriseResidence.debug.xcconfig */;
			buildSettings = {
				ASSETCATALOG_COMPILER_APPICON_NAME = AppIcon;
				CLANG_ENABLE_MODULES = YES;
				CODE_SIGN_ENTITLEMENTS = TanriseResidence/TanriseResidence.entitlements;
				CODE_SIGN_IDENTITY = "Apple Development";
				CODE_SIGN_STYLE = Automatic;
				CURRENT_PROJECT_VERSION = 1;
				DEVELOPMENT_TEAM = C99L922ZVC;
				ENABLE_BITCODE = NO;
				ENABLE_USER_SCRIPT_SANDBOXING = NO;
				INFOPLIST_FILE = TanriseResidence/Info.plist;
				INFOPLIST_KEY_CFBundleDisplayName = "Tanrise Residence";
				INFOPLIST_KEY_LSApplicationCategoryType = "public.app-category.lifestyle";
				IPHONEOS_DEPLOYMENT_TARGET = 12.0;
				LD_RUNPATH_SEARCH_PATHS = (
					"$(inherited)",
					"@executable_path/Frameworks",
				);
				MARKETING_VERSION = 1.5.1;
				OTHER_LDFLAGS = (
					"$(inherited)",
					"-ObjC",
					"-lc++",
				);
				PRODUCT_BUNDLE_IDENTIFIER = com.ifcasoftware.tanriseresidence;
				PRODUCT_NAME = TanriseResidence;
				PROVISIONING_PROFILE_SPECIFIER = "";
				SUPPORTED_PLATFORMS = "iphoneos iphonesimulator";
				SUPPORTS_MACCATALYST = NO;
				SUPPORTS_MAC_DESIGNED_FOR_IPHONE_IPAD = NO;
				SUPPORTS_XR_DESIGNED_FOR_IPHONE_IPAD = NO;
				SWIFT_OPTIMIZATION_LEVEL = "-Onone";
				SWIFT_VERSION = 5.0;
				TARGETED_DEVICE_FAMILY = 1;
				VERSIONING_SYSTEM = "apple-generic";
			};
			name = Debug;
		};
		13B07F951A680F5B00A75B9A /* Release */ = {
			isa = XCBuildConfiguration;
			baseConfigurationReference = 07F62FC3AFF811B7FBD1E02D /* Pods-TanriseResidence.release.xcconfig */;
			buildSettings = {
				ASSETCATALOG_COMPILER_APPICON_NAME = AppIcon;
				CLANG_ENABLE_MODULES = YES;
				CODE_SIGN_ENTITLEMENTS = TanriseResidence/TanriseResidence.entitlements;
				CODE_SIGN_IDENTITY = "Apple Development";
				CODE_SIGN_STYLE = Automatic;
				CURRENT_PROJECT_VERSION = 1;
				DEVELOPMENT_TEAM = C99L922ZVC;
				ENABLE_USER_SCRIPT_SANDBOXING = NO;
				INFOPLIST_FILE = TanriseResidence/Info.plist;
				INFOPLIST_KEY_CFBundleDisplayName = "Tanrise Residence";
				INFOPLIST_KEY_LSApplicationCategoryType = "public.app-category.lifestyle";
				IPHONEOS_DEPLOYMENT_TARGET = 12.0;
				LD_RUNPATH_SEARCH_PATHS = (
					"$(inherited)",
					"@executable_path/Frameworks",
				);
				MARKETING_VERSION = 1.5.1;
				OTHER_LDFLAGS = (
					"$(inherited)",
					"-ObjC",
					"-lc++",
				);
				PRODUCT_BUNDLE_IDENTIFIER = com.ifcasoftware.tanriseresidence;
				PRODUCT_NAME = TanriseResidence;
				PROVISIONING_PROFILE_SPECIFIER = "";
				SUPPORTED_PLATFORMS = "iphoneos iphonesimulator";
				SUPPORTS_MACCATALYST = NO;
				SUPPORTS_MAC_DESIGNED_FOR_IPHONE_IPAD = NO;
				SUPPORTS_XR_DESIGNED_FOR_IPHONE_IPAD = NO;
				SWIFT_VERSION = 5.0;
				TARGETED_DEVICE_FAMILY = 1;
				VERSIONING_SYSTEM = "apple-generic";
			};
			name = Release;
		};
		83CBBA201A601CBA00E9B192 /* Debug */ = {
			isa = XCBuildConfiguration;
			buildSettings = {
				ALWAYS_SEARCH_USER_PATHS = NO;
				CLANG_ANALYZER_LOCALIZABILITY_NONLOCALIZED = YES;
				CLANG_CXX_LANGUAGE_STANDARD = "c++17";
				CLANG_CXX_LIBRARY = "libc++";
				CLANG_ENABLE_MODULES = YES;
				CLANG_ENABLE_OBJC_ARC = YES;
				CLANG_WARN_BLOCK_CAPTURE_AUTORELEASING = YES;
				CLANG_WARN_BOOL_CONVERSION = YES;
				CLANG_WARN_COMMA = YES;
				CLANG_WARN_CONSTANT_CONVERSION = YES;
				CLANG_WARN_DEPRECATED_OBJC_IMPLEMENTATIONS = YES;
				CLANG_WARN_DIRECT_OBJC_ISA_USAGE = YES_ERROR;
				CLANG_WARN_EMPTY_BODY = YES;
				CLANG_WARN_ENUM_CONVERSION = YES;
				CLANG_WARN_INFINITE_RECURSION = YES;
				CLANG_WARN_INT_CONVERSION = YES;
				CLANG_WARN_NON_LITERAL_NULL_CONVERSION = YES;
				CLANG_WARN_OBJC_IMPLICIT_RETAIN_SELF = YES;
				CLANG_WARN_OBJC_LITERAL_CONVERSION = YES;
				CLANG_WARN_OBJC_ROOT_CLASS = YES_ERROR;
				CLANG_WARN_QUOTED_INCLUDE_IN_FRAMEWORK_HEADER = YES;
				CLANG_WARN_RANGE_LOOP_ANALYSIS = YES;
				CLANG_WARN_STRICT_PROTOTYPES = YES;
				CLANG_WARN_SUSPICIOUS_MOVE = YES;
				CLANG_WARN_UNREACHABLE_CODE = YES;
				CLANG_WARN__DUPLICATE_METHOD_MATCH = YES;
				"CODE_SIGN_IDENTITY[sdk=iphoneos*]" = "iPhone Developer";
				COPY_PHASE_STRIP = NO;
				ENABLE_STRICT_OBJC_MSGSEND = YES;
				ENABLE_TESTABILITY = YES;
				ENABLE_USER_SCRIPT_SANDBOXING = YES;
				"EXCLUDED_ARCHS[sdk=iphonesimulator*]" = i386;
				GCC_C_LANGUAGE_STANDARD = gnu99;
				GCC_DYNAMIC_NO_PIC = NO;
				GCC_NO_COMMON_BLOCKS = YES;
				GCC_OPTIMIZATION_LEVEL = 0;
				GCC_PREPROCESSOR_DEFINITIONS = (
					"DEBUG=1",
					"$(inherited)",
					_LIBCPP_ENABLE_CXX17_REMOVED_UNARY_BINARY_FUNCTION,
				);
				GCC_SYMBOLS_PRIVATE_EXTERN = NO;
				GCC_WARN_64_TO_32_BIT_CONVERSION = YES;
				GCC_WARN_ABOUT_RETURN_TYPE = YES_ERROR;
				GCC_WARN_UNDECLARED_SELECTOR = YES;
				GCC_WARN_UNINITIALIZED_AUTOS = YES_AGGRESSIVE;
				GCC_WARN_UNUSED_FUNCTION = YES;
				GCC_WARN_UNUSED_VARIABLE = YES;
				HEADER_SEARCH_PATHS = (
					"$(inherited)",
					"${PODS_CONFIGURATION_BUILD_DIR}/ReactCommon-Samples/ReactCommon_Samples.framework/Headers",
					"${PODS_CONFIGURATION_BUILD_DIR}/ReactCommon/ReactCommon.framework/Headers/react/nativemodule/core",
					"${PODS_CONFIGURATION_BUILD_DIR}/ReactCommon-Samples/ReactCommon_Samples.framework/Headers/platform/ios",
					"${PODS_CONFIGURATION_BUILD_DIR}/React-NativeModulesApple/React_NativeModulesApple.framework/Headers",
					"${PODS_CONFIGURATION_BUILD_DIR}/React-graphics/React_graphics.framework/Headers/react/renderer/graphics/platform/ios",
				);
				IPHONEOS_DEPLOYMENT_TARGET = 12.4;
				LD_RUNPATH_SEARCH_PATHS = (
					/usr/lib/swift,
					"$(inherited)",
				);
				LIBRARY_SEARCH_PATHS = (
					"\"$(SDKROOT)/usr/lib/swift\"",
					"\"$(TOOLCHAIN_DIR)/usr/lib/swift/$(PLATFORM_NAME)\"",
					"\"$(inherited)\"",
				);
				MTL_ENABLE_DEBUG_INFO = YES;
				ONLY_ACTIVE_ARCH = YES;
				OTHER_CFLAGS = "$(inherited)";
				OTHER_CPLUSPLUSFLAGS = (
					"$(OTHER_CFLAGS)",
					"-DFOLLY_NO_CONFIG",
					"-DFOLLY_MOBILE=1",
					"-DFOLLY_USE_LIBCPP=1",
				);
				OTHER_LDFLAGS = "$(inherited)  ";
				REACT_NATIVE_PATH = "${PODS_ROOT}/../../node_modules/react-native";
				SDKROOT = iphoneos;
			};
			name = Debug;
		};
		83CBBA211A601CBA00E9B192 /* Release */ = {
			isa = XCBuildConfiguration;
			buildSettings = {
				ALWAYS_SEARCH_USER_PATHS = NO;
				CLANG_ANALYZER_LOCALIZABILITY_NONLOCALIZED = YES;
				CLANG_CXX_LANGUAGE_STANDARD = "c++17";
				CLANG_CXX_LIBRARY = "libc++";
				CLANG_ENABLE_MODULES = YES;
				CLANG_ENABLE_OBJC_ARC = YES;
				CLANG_WARN_BLOCK_CAPTURE_AUTORELEASING = YES;
				CLANG_WARN_BOOL_CONVERSION = YES;
				CLANG_WARN_COMMA = YES;
				CLANG_WARN_CONSTANT_CONVERSION = YES;
				CLANG_WARN_DEPRECATED_OBJC_IMPLEMENTATIONS = YES;
				CLANG_WARN_DIRECT_OBJC_ISA_USAGE = YES_ERROR;
				CLANG_WARN_EMPTY_BODY = YES;
				CLANG_WARN_ENUM_CONVERSION = YES;
				CLANG_WARN_INFINITE_RECURSION = YES;
				CLANG_WARN_INT_CONVERSION = YES;
				CLANG_WARN_NON_LITERAL_NULL_CONVERSION = YES;
				CLANG_WARN_OBJC_IMPLICIT_RETAIN_SELF = YES;
				CLANG_WARN_OBJC_LITERAL_CONVERSION = YES;
				CLANG_WARN_OBJC_ROOT_CLASS = YES_ERROR;
				CLANG_WARN_QUOTED_INCLUDE_IN_FRAMEWORK_HEADER = YES;
				CLANG_WARN_RANGE_LOOP_ANALYSIS = YES;
				CLANG_WARN_STRICT_PROTOTYPES = YES;
				CLANG_WARN_SUSPICIOUS_MOVE = YES;
				CLANG_WARN_UNREACHABLE_CODE = YES;
				CLANG_WARN__DUPLICATE_METHOD_MATCH = YES;
				"CODE_SIGN_IDENTITY[sdk=iphoneos*]" = "iPhone Developer";
				COPY_PHASE_STRIP = YES;
				ENABLE_NS_ASSERTIONS = NO;
				ENABLE_STRICT_OBJC_MSGSEND = YES;
				ENABLE_USER_SCRIPT_SANDBOXING = YES;
				"EXCLUDED_ARCHS[sdk=iphonesimulator*]" = i386;
				GCC_C_LANGUAGE_STANDARD = gnu99;
				GCC_NO_COMMON_BLOCKS = YES;
				GCC_PREPROCESSOR_DEFINITIONS = (
					"$(inherited)",
					_LIBCPP_ENABLE_CXX17_REMOVED_UNARY_BINARY_FUNCTION,
				);
				GCC_WARN_64_TO_32_BIT_CONVERSION = YES;
				GCC_WARN_ABOUT_RETURN_TYPE = YES_ERROR;
				GCC_WARN_UNDECLARED_SELECTOR = YES;
				GCC_WARN_UNINITIALIZED_AUTOS = YES_AGGRESSIVE;
				GCC_WARN_UNUSED_FUNCTION = YES;
				GCC_WARN_UNUSED_VARIABLE = YES;
				HEADER_SEARCH_PATHS = (
					"$(inherited)",
					"${PODS_CONFIGURATION_BUILD_DIR}/ReactCommon-Samples/ReactCommon_Samples.framework/Headers",
					"${PODS_CONFIGURATION_BUILD_DIR}/ReactCommon/ReactCommon.framework/Headers/react/nativemodule/core",
					"${PODS_CONFIGURATION_BUILD_DIR}/ReactCommon-Samples/ReactCommon_Samples.framework/Headers/platform/ios",
					"${PODS_CONFIGURATION_BUILD_DIR}/React-NativeModulesApple/React_NativeModulesApple.framework/Headers",
					"${PODS_CONFIGURATION_BUILD_DIR}/React-graphics/React_graphics.framework/Headers/react/renderer/graphics/platform/ios",
				);
				IPHONEOS_DEPLOYMENT_TARGET = 12.4;
				LD_RUNPATH_SEARCH_PATHS = (
					/usr/lib/swift,
					"$(inherited)",
				);
				LIBRARY_SEARCH_PATHS = (
					"\"$(SDKROOT)/usr/lib/swift\"",
					"\"$(TOOLCHAIN_DIR)/usr/lib/swift/$(PLATFORM_NAME)\"",
					"\"$(inherited)\"",
				);
				MTL_ENABLE_DEBUG_INFO = NO;
				OTHER_CFLAGS = "$(inherited)";
				OTHER_CPLUSPLUSFLAGS = (
					"$(OTHER_CFLAGS)",
					"-DFOLLY_NO_CONFIG",
					"-DFOLLY_MOBILE=1",
					"-DFOLLY_USE_LIBCPP=1",
				);
				OTHER_LDFLAGS = "$(inherited)  ";
				REACT_NATIVE_PATH = "${PODS_ROOT}/../../node_modules/react-native";
				SDKROOT = iphoneos;
				VALIDATE_PRODUCT = YES;
			};
			name = Release;
		};
/* End XCBuildConfiguration section */

/* Begin XCConfigurationList section */
		00E357021AD99517003FC87E /* Build configuration list for PBXNativeTarget "TanriseResidenceTests" */ = {
			isa = XCConfigurationList;
			buildConfigurations = (
				00E356F61AD99517003FC87E /* Debug */,
				00E356F71AD99517003FC87E /* Release */,
			);
			defaultConfigurationIsVisible = 0;
			defaultConfigurationName = Release;
		};
		13B07F931A680F5B00A75B9A /* Build configuration list for PBXNativeTarget "TanriseResidence" */ = {
			isa = XCConfigurationList;
			buildConfigurations = (
				13B07F941A680F5B00A75B9A /* Debug */,
				13B07F951A680F5B00A75B9A /* Release */,
			);
			defaultConfigurationIsVisible = 0;
			defaultConfigurationName = Release;
		};
		83CBB9FA1A601CBA00E9B192 /* Build configuration list for PBXProject " " */ = {
			isa = XCConfigurationList;
			buildConfigurations = (
				83CBBA201A601CBA00E9B192 /* Debug */,
				83CBBA211A601CBA00E9B192 /* Release */,
			);
			defaultConfigurationIsVisible = 0;
			defaultConfigurationName = Release;
		};
/* End XCConfigurationList section */

/* Begin XCRemoteSwiftPackageReference section */
		8643540C2C105E6A00C69F68 /* XCRemoteSwiftPackageReference "firebase-ios-sdk" */ = {
			isa = XCRemoteSwiftPackageReference;
			repositoryURL = "https://github.com/firebase/firebase-ios-sdk";
			requirement = {
				kind = upToNextMajorVersion;
				minimumVersion = 10.27.0;
			};
		};
/* End XCRemoteSwiftPackageReference section */
	};
	rootObject = 83CBB9F71A601CBA00E9B192 /* Project object */;
}
